// !$*UTF8*$!
{
	archiveVersion = 1;
	classes = {
	};
	objectVersion = 55;
	objects = {

/* Begin PBXBuildFile section */
		1CDCB8E42765E47C00738F48 /* AppDelegate.swift in Sources */ = {isa = PBXBuildFile; fileRef = 1CDCB8E32765E47C00738F48 /* AppDelegate.swift */; };
		1CDCB8E62765E47C00738F48 /* SceneDelegate.swift in Sources */ = {isa = PBXBuildFile; fileRef = 1CDCB8E52765E47C00738F48 /* SceneDelegate.swift */; };
		1CDCB8E82765E47C00738F48 /* ViewController.swift in Sources */ = {isa = PBXBuildFile; fileRef = 1CDCB8E72765E47C00738F48 /* ViewController.swift */; };
		1CDCB8EB2765E47C00738F48 /* Main.storyboard in Resources */ = {isa = PBXBuildFile; fileRef = 1CDCB8E92765E47C00738F48 /* Main.storyboard */; };
		1CDCB8ED2765E47E00738F48 /* Assets.xcassets in Resources */ = {isa = PBXBuildFile; fileRef = 1CDCB8EC2765E47E00738F48 /* Assets.xcassets */; };
		1CDCB8F02765E47E00738F48 /* LaunchScreen.storyboard in Resources */ = {isa = PBXBuildFile; fileRef = 1CDCB8EE2765E47E00738F48 /* LaunchScreen.storyboard */; };
		1CDCB8FB2765E47E00738F48 /* PinchMeTests.swift in Sources */ = {isa = PBXBuildFile; fileRef = 1CDCB8FA2765E47E00738F48 /* PinchMeTests.swift */; };
		1CDCB9052765E47E00738F48 /* PinchMeUITests.swift in Sources */ = {isa = PBXBuildFile; fileRef = 1CDCB9042765E47E00738F48 /* PinchMeUITests.swift */; };
		1CDCB9072765E47E00738F48 /* PinchMeUITestsLaunchTests.swift in Sources */ = {isa = PBXBuildFile; fileRef = 1CDCB9062765E47E00738F48 /* PinchMeUITestsLaunchTests.swift */; };
/* End PBXBuildFile section */

/* Begin PBXContainerItemProxy section */
		1CDCB8F72765E47E00738F48 /* PBXContainerItemProxy */ = {
			isa = PBXContainerItemProxy;
			containerPortal = 1CDCB8D82765E47C00738F48 /* Project object */;
			proxyType = 1;
			remoteGlobalIDString = 1CDCB8DF2765E47C00738F48;
			remoteInfo = PinchMe;
		};
		1CDCB9012765E47E00738F48 /* PBXContainerItemProxy */ = {
			isa = PBXContainerItemProxy;
			containerPortal = 1CDCB8D82765E47C00738F48 /* Project object */;
			proxyType = 1;
			remoteGlobalIDString = 1CDCB8DF2765E47C00738F48;
			remoteInfo = PinchMe;
		};
/* End PBXContainerItemProxy section */

/* Begin PBXFileReference section */
		1CDCB8E02765E47C00738F48 /* PinchMe.app */ = {isa = PBXFileReference; explicitFileType = wrapper.application; includeInIndex = 0; path = PinchMe.app; sourceTree = BUILT_PRODUCTS_DIR; };
		1CDCB8E32765E47C00738F48 /* AppDelegate.swift */ = {isa = PBXFileReference; lastKnownFileType = sourcecode.swift; path = AppDelegate.swift; sourceTree = "<group>"; };
		1CDCB8E52765E47C00738F48 /* SceneDelegate.swift */ = {isa = PBXFileReference; lastKnownFileType = sourcecode.swift; path = SceneDelegate.swift; sourceTree = "<group>"; };
		1CDCB8E72765E47C00738F48 /* ViewController.swift */ = {isa = PBXFileReference; lastKnownFileType = sourcecode.swift; path = ViewController.swift; sourceTree = "<group>"; };
		1CDCB8EA2765E47C00738F48 /* Base */ = {isa = PBXFileReference; lastKnownFileType = file.storyboard; name = Base; path = Base.lproj/Main.storyboard; sourceTree = "<group>"; };
		1CDCB8EC2765E47E00738F48 /* Assets.xcassets */ = {isa = PBXFileReference; lastKnownFileType = folder.assetcatalog; path = Assets.xcassets; sourceTree = "<group>"; };
		1CDCB8EF2765E47E00738F48 /* Base */ = {isa = PBXFileReference; lastKnownFileType = file.storyboard; name = Base; path = Base.lproj/LaunchScreen.storyboard; sourceTree = "<group>"; };
		1CDCB8F12765E47E00738F48 /* Info.plist */ = {isa = PBXFileReference; lastKnownFileType = text.plist.xml; path = Info.plist; sourceTree = "<group>"; };
		1CDCB8F62765E47E00738F48 /* PinchMeTests.xctest */ = {isa = PBXFileReference; explicitFileType = wrapper.cfbundle; includeInIndex = 0; path = PinchMeTests.xctest; sourceTree = BUILT_PRODUCTS_DIR; };
		1CDCB8FA2765E47E00738F48 /* PinchMeTests.swift */ = {isa = PBXFileReference; lastKnownFileType = sourcecode.swift; path = PinchMeTests.swift; sourceTree = "<group>"; };
		1CDCB9002765E47E00738F48 /* PinchMeUITests.xctest */ = {isa = PBXFileReference; explicitFileType = wrapper.cfbundle; includeInIndex = 0; path = PinchMeUITests.xctest; sourceTree = BUILT_PRODUCTS_DIR; };
		1CDCB9042765E47E00738F48 /* PinchMeUITests.swift */ = {isa = PBXFileReference; lastKnownFileType = sourcecode.swift; path = PinchMeUITests.swift; sourceTree = "<group>"; };
		1CDCB9062765E47E00738F48 /* PinchMeUITestsLaunchTests.swift */ = {isa = PBXFileReference; lastKnownFileType = sourcecode.swift; path = PinchMeUITestsLaunchTests.swift; sourceTree = "<group>"; };
/* End PBXFileReference section */

/* Begin PBXFrameworksBuildPhase section */
		1CDCB8DD2765E47C00738F48 /* Frameworks */ = {
			isa = PBXFrameworksBuildPhase;
			buildActionMask = 2147483647;
			files = (
			);
			runOnlyForDeploymentPostprocessing = 0;
		};
		1CDCB8F32765E47E00738F48 /* Frameworks */ = {
			isa = PBXFrameworksBuildPhase;
			buildActionMask = 2147483647;
			files = (
			);
			runOnlyForDeploymentPostprocessing = 0;
		};
		1CDCB8FD2765E47E00738F48 /* Frameworks */ = {
			isa = PBXFrameworksBuildPhase;
			buildActionMask = 2147483647;
			files = (
			);
			runOnlyForDeploymentPostprocessing = 0;
		};
/* End PBXFrameworksBuildPhase section */

/* Begin PBXGroup section */
		1CDCB8D72765E47C00738F48 = {
			isa = PBXGroup;
			children = (
				1CDCB8E22765E47C00738F48 /* PinchMe */,
				1CDCB8F92765E47E00738F48 /* PinchMeTests */,
				1CDCB9032765E47E00738F48 /* PinchMeUITests */,
				1CDCB8E12765E47C00738F48 /* Products */,
			);
			sourceTree = "<group>";
		};
		1CDCB8E12765E47C00738F48 /* Products */ = {
			isa = PBXGroup;
			children = (
				1CDCB8E02765E47C00738F48 /* PinchMe.app */,
				1CDCB8F62765E47E00738F48 /* PinchMeTests.xctest */,
				1CDCB9002765E47E00738F48 /* PinchMeUITests.xctest */,
			);
			name = Products;
			sourceTree = "<group>";
		};
		1CDCB8E22765E47C00738F48 /* PinchMe */ = {
			isa = PBXGroup;
			children = (
				1CDCB8E32765E47C00738F48 /* AppDelegate.swift */,
				1CDCB8E52765E47C00738F48 /* SceneDelegate.swift */,
				1CDCB8E72765E47C00738F48 /* ViewController.swift */,
				1CDCB8E92765E47C00738F48 /* Main.storyboard */,
				1CDCB8EC2765E47E00738F48 /* Assets.xcassets */,
				1CDCB8EE2765E47E00738F48 /* LaunchScreen.storyboard */,
				1CDCB8F12765E47E00738F48 /* Info.plist */,
			);
			path = PinchMe;
			sourceTree = "<group>";
		};
		1CDCB8F92765E47E00738F48 /* PinchMeTests */ = {
			isa = PBXGroup;
			children = (
				1CDCB8FA2765E47E00738F48 /* PinchMeTests.swift */,
			);
			path = PinchMeTests;
			sourceTree = "<group>";
		};
		1CDCB9032765E47E00738F48 /* PinchMeUITests */ = {
			isa = PBXGroup;
			children = (
				1CDCB9042765E47E00738F48 /* PinchMeUITests.swift */,
				1CDCB9062765E47E00738F48 /* PinchMeUITestsLaunchTests.swift */,
			);
			path = PinchMeUITests;
			sourceTree = "<group>";
		};
/* End PBXGroup section */

/* Begin PBXNativeTarget section */
		1CDCB8DF2765E47C00738F48 /* PinchMe */ = {
			isa = PBXNativeTarget;
			buildConfigurationList = 1CDCB90A2765E47E00738F48 /* Build configuration list for PBXNativeTarget "PinchMe" */;
			buildPhases = (
				1CDCB8DC2765E47C00738F48 /* Sources */,
				1CDCB8DD2765E47C00738F48 /* Frameworks */,
				1CDCB8DE2765E47C00738F48 /* Resources */,
			);
			buildRules = (
			);
			dependencies = (
			);
			name = PinchMe;
			productName = PinchMe;
			productReference = 1CDCB8E02765E47C00738F48 /* PinchMe.app */;
			productType = "com.apple.product-type.application";
		};
		1CDCB8F52765E47E00738F48 /* PinchMeTests */ = {
			isa = PBXNativeTarget;
			buildConfigurationList = 1CDCB90D2765E47E00738F48 /* Build configuration list for PBXNativeTarget "PinchMeTests" */;
			buildPhases = (
				1CDCB8F22765E47E00738F48 /* Sources */,
				1CDCB8F32765E47E00738F48 /* Frameworks */,
				1CDCB8F42765E47E00738F48 /* Resources */,
			);
			buildRules = (
			);
			dependencies = (
				1CDCB8F82765E47E00738F48 /* PBXTargetDependency */,
			);
			name = PinchMeTests;
			productName = PinchMeTests;
			productReference = 1CDCB8F62765E47E00738F48 /* PinchMeTests.xctest */;
			productType = "com.apple.product-type.bundle.unit-test";
		};
		1CDCB8FF2765E47E00738F48 /* PinchMeUITests */ = {
			isa = PBXNativeTarget;
			buildConfigurationList = 1CDCB9102765E47E00738F48 /* Build configuration list for PBXNativeTarget "PinchMeUITests" */;
			buildPhases = (
				1CDCB8FC2765E47E00738F48 /* Sources */,
				1CDCB8FD2765E47E00738F48 /* Frameworks */,
				1CDCB8FE2765E47E00738F48 /* Resources */,
			);
			buildRules = (
			);
			dependencies = (
				1CDCB9022765E47E00738F48 /* PBXTargetDependency */,
			);
			name = PinchMeUITests;
			productName = PinchMeUITests;
			productReference = 1CDCB9002765E47E00738F48 /* PinchMeUITests.xctest */;
			productType = "com.apple.product-type.bundle.ui-testing";
		};
/* End PBXNativeTarget section */

/* Begin PBXProject section */
		1CDCB8D82765E47C00738F48 /* Project object */ = {
			isa = PBXProject;
			attributes = {
				BuildIndependentTargetsInParallel = 1;
				LastSwiftUpdateCheck = 1310;
				LastUpgradeCheck = 1310;
				TargetAttributes = {
					1CDCB8DF2765E47C00738F48 = {
						CreatedOnToolsVersion = 13.1;
					};
					1CDCB8F52765E47E00738F48 = {
						CreatedOnToolsVersion = 13.1;
						TestTargetID = 1CDCB8DF2765E47C00738F48;
					};
					1CDCB8FF2765E47E00738F48 = {
						CreatedOnToolsVersion = 13.1;
						TestTargetID = 1CDCB8DF2765E47C00738F48;
					};
				};
			};
			buildConfigurationList = 1CDCB8DB2765E47C00738F48 /* Build configuration list for PBXProject "PinchMe" */;
			compatibilityVersion = "Xcode 13.0";
			developmentRegion = en;
			hasScannedForEncodings = 0;
			knownRegions = (
				en,
				Base,
			);
			mainGroup = 1CDCB8D72765E47C00738F48;
			productRefGroup = 1CDCB8E12765E47C00738F48 /* Products */;
			projectDirPath = "";
			projectRoot = "";
			targets = (
				1CDCB8DF2765E47C00738F48 /* PinchMe */,
				1CDCB8F52765E47E00738F48 /* PinchMeTests */,
				1CDCB8FF2765E47E00738F48 /* PinchMeUITests */,
			);
		};
/* End PBXProject section */

/* Begin PBXResourcesBuildPhase section */
		1CDCB8DE2765E47C00738F48 /* Resources */ = {
			isa = PBXResourcesBuildPhase;
			buildActionMask = 2147483647;
			files = (
				1CDCB8F02765E47E00738F48 /* LaunchScreen.storyboard in Resources */,
				1CDCB8ED2765E47E00738F48 /* Assets.xcassets in Resources */,
				1CDCB8EB2765E47C00738F48 /* Main.storyboard in Resources */,
			);
			runOnlyForDeploymentPostprocessing = 0;
		};
		1CDCB8F42765E47E00738F48 /* Resources */ = {
			isa = PBXResourcesBuildPhase;
			buildActionMask = 2147483647;
			files = (
			);
			runOnlyForDeploymentPostprocessing = 0;
		};
		1CDCB8FE2765E47E00738F48 /* Resources */ = {
			isa = PBXResourcesBuildPhase;
			buildActionMask = 2147483647;
			files = (
			);
			runOnlyForDeploymentPostprocessing = 0;
		};
/* End PBXResourcesBuildPhase section */

/* Begin PBXSourcesBuildPhase section */
		1CDCB8DC2765E47C00738F48 /* Sources */ = {
			isa = PBXSourcesBuildPhase;
			buildActionMask = 2147483647;
			files = (
				1CDCB8E82765E47C00738F48 /* ViewController.swift in Sources */,
				1CDCB8E42765E47C00738F48 /* AppDelegate.swift in Sources */,
				1CDCB8E62765E47C00738F48 /* SceneDelegate.swift in Sources */,
			);
			runOnlyForDeploymentPostprocessing = 0;
		};
		1CDCB8F22765E47E00738F48 /* Sources */ = {
			isa = PBXSourcesBuildPhase;
			buildActionMask = 2147483647;
			files = (
				1CDCB8FB2765E47E00738F48 /* PinchMeTests.swift in Sources */,
			);
			runOnlyForDeploymentPostprocessing = 0;
		};
		1CDCB8FC2765E47E00738F48 /* Sources */ = {
			isa = PBXSourcesBuildPhase;
			buildActionMask = 2147483647;
			files = (
				1CDCB9052765E47E00738F48 /* PinchMeUITests.swift in Sources */,
				1CDCB9072765E47E00738F48 /* PinchMeUITestsLaunchTests.swift in Sources */,
			);
			runOnlyForDeploymentPostprocessing = 0;
		};
/* End PBXSourcesBuildPhase section */

/* Begin PBXTargetDependency section */
		1CDCB8F82765E47E00738F48 /* PBXTargetDependency */ = {
			isa = PBXTargetDependency;
			target = 1CDCB8DF2765E47C00738F48 /* PinchMe */;
			targetProxy = 1CDCB8F72765E47E00738F48 /* PBXContainerItemProxy */;
		};
		1CDCB9022765E47E00738F48 /* PBXTargetDependency */ = {
			isa = PBXTargetDependency;
			target = 1CDCB8DF2765E47C00738F48 /* PinchMe */;
			targetProxy = 1CDCB9012765E47E00738F48 /* PBXContainerItemProxy */;
		};
/* End PBXTargetDependency section */

/* Begin PBXVariantGroup section */
		1CDCB8E92765E47C00738F48 /* Main.storyboard */ = {
			isa = PBXVariantGroup;
			children = (
				1CDCB8EA2765E47C00738F48 /* Base */,
			);
			name = Main.storyboard;
			sourceTree = "<group>";
		};
		1CDCB8EE2765E47E00738F48 /* LaunchScreen.storyboard */ = {
			isa = PBXVariantGroup;
			children = (
				1CDCB8EF2765E47E00738F48 /* Base */,
			);
			name = LaunchScreen.storyboard;
			sourceTree = "<group>";
		};
/* End PBXVariantGroup section */

/* Begin XCBuildConfiguration section */
		1CDCB9082765E47E00738F48 /* Debug */ = {
			isa = XCBuildConfiguration;
			buildSettings = {
				ALWAYS_SEARCH_USER_PATHS = NO;
				CLANG_ANALYZER_NONNULL = YES;
				CLANG_ANALYZER_NUMBER_OBJECT_CONVERSION = YES_AGGRESSIVE;
				CLANG_CXX_LANGUAGE_STANDARD = "gnu++17";
				CLANG_CXX_LIBRARY = "libc++";
				CLANG_ENABLE_MODULES = YES;
				CLANG_ENABLE_OBJC_ARC = YES;
				CLANG_ENABLE_OBJC_WEAK = YES;
				CLANG_WARN_BLOCK_CAPTURE_AUTORELEASING = YES;
				CLANG_WARN_BOOL_CONVERSION = YES;
				CLANG_WARN_COMMA = YES;
				CLANG_WARN_CONSTANT_CONVERSION = YES;
				CLANG_WARN_DEPRECATED_OBJC_IMPLEMENTATIONS = YES;
				CLANG_WARN_DIRECT_OBJC_ISA_USAGE = YES_ERROR;
				CLANG_WARN_DOCUMENTATION_COMMENTS = YES;
				CLANG_WARN_EMPTY_BODY = YES;
				CLANG_WARN_ENUM_CONVERSION = YES;
				CLANG_WARN_INFINITE_RECURSION = YES;
				CLANG_WARN_INT_CONVERSION = YES;
				CLANG_WARN_NON_LITERAL_NULL_CONVERSION = YES;
				CLANG_WARN_OBJC_IMPLICIT_RETAIN_SELF = YES;
				CLANG_WARN_OBJC_LITERAL_CONVERSION = YES;
				CLANG_WARN_OBJC_ROOT_CLASS = YES_ERROR;
				CLANG_WARN_QUOTED_INCLUDE_IN_FRAMEWORK_HEADER = YES;
				CLANG_WARN_RANGE_LOOP_ANALYSIS = YES;
				CLANG_WARN_STRICT_PROTOTYPES = YES;
				CLANG_WARN_SUSPICIOUS_MOVE = YES;
				CLANG_WARN_UNGUARDED_AVAILABILITY = YES_AGGRESSIVE;
				CLANG_WARN_UNREACHABLE_CODE = YES;
				CLANG_WARN__DUPLICATE_METHOD_MATCH = YES;
				COPY_PHASE_STRIP = NO;
				DEBUG_INFORMATION_FORMAT = dwarf;
				ENABLE_STRICT_OBJC_MSGSEND = YES;
				ENABLE_TESTABILITY = YES;
				GCC_C_LANGUAGE_STANDARD = gnu11;
				GCC_DYNAMIC_NO_PIC = NO;
				GCC_NO_COMMON_BLOCKS = YES;
				GCC_OPTIMIZATION_LEVEL = 0;
				GCC_PREPROCESSOR_DEFINITIONS = (
					"DEBUG=1",
					"$(inherited)",
				);
				GCC_WARN_64_TO_32_BIT_CONVERSION = YES;
				GCC_WARN_ABOUT_RETURN_TYPE = YES_ERROR;
				GCC_WARN_UNDECLARED_SELECTOR = YES;
				GCC_WARN_UNINITIALIZED_AUTOS = YES_AGGRESSIVE;
				GCC_WARN_UNUSED_FUNCTION = YES;
				GCC_WARN_UNUSED_VARIABLE = YES;
				IPHONEOS_DEPLOYMENT_TARGET = 15.0;
				MTL_ENABLE_DEBUG_INFO = INCLUDE_SOURCE;
				MTL_FAST_MATH = YES;
				ONLY_ACTIVE_ARCH = YES;
				SDKROOT = iphoneos;
				SWIFT_ACTIVE_COMPILATION_CONDITIONS = DEBUG;
				SWIFT_OPTIMIZATION_LEVEL = "-Onone";
			};
			name = Debug;
		};
		1CDCB9092765E47E00738F48 /* Release */ = {
			isa = XCBuildConfiguration;
			buildSettings = {
				ALWAYS_SEARCH_USER_PATHS = NO;
				CLANG_ANALYZER_NONNULL = YES;
				CLANG_ANALYZER_NUMBER_OBJECT_CONVERSION = YES_AGGRESSIVE;
				CLANG_CXX_LANGUAGE_STANDARD = "gnu++17";
				CLANG_CXX_LIBRARY = "libc++";
				CLANG_ENABLE_MODULES = YES;
				CLANG_ENABLE_OBJC_ARC = YES;
				CLANG_ENABLE_OBJC_WEAK = YES;
				CLANG_WARN_BLOCK_CAPTURE_AUTORELEASING = YES;
				CLANG_WARN_BOOL_CONVERSION = YES;
				CLANG_WARN_COMMA = YES;
				CLANG_WARN_CONSTANT_CONVERSION = YES;
				CLANG_WARN_DEPRECATED_OBJC_IMPLEMENTATIONS = YES;
				CLANG_WARN_DIRECT_OBJC_ISA_USAGE = YES_ERROR;
				CLANG_WARN_DOCUMENTATION_COMMENTS = YES;
				CLANG_WARN_EMPTY_BODY = YES;
				CLANG_WARN_ENUM_CONVERSION = YES;
				CLANG_WARN_INFINITE_RECURSION = YES;
				CLANG_WARN_INT_CONVERSION = YES;
				CLANG_WARN_NON_LITERAL_NULL_CONVERSION = YES;
				CLANG_WARN_OBJC_IMPLICIT_RETAIN_SELF = YES;
				CLANG_WARN_OBJC_LITERAL_CONVERSION = YES;
				CLANG_WARN_OBJC_ROOT_CLASS = YES_ERROR;
				CLANG_WARN_QUOTED_INCLUDE_IN_FRAMEWORK_HEADER = YES;
				CLANG_WARN_RANGE_LOOP_ANALYSIS = YES;
				CLANG_WARN_STRICT_PROTOTYPES = YES;
				CLANG_WARN_SUSPICIOUS_MOVE = YES;
				CLANG_WARN_UNGUARDED_AVAILABILITY = YES_AGGRESSIVE;
				CLANG_WARN_UNREACHABLE_CODE = YES;
				CLANG_WARN__DUPLICATE_METHOD_MATCH = YES;
				COPY_PHASE_STRIP = NO;
				DEBUG_INFORMATION_FORMAT = "dwarf-with-dsym";
				ENABLE_NS_ASSERTIONS = NO;
				ENABLE_STRICT_OBJC_MSGSEND = YES;
				GCC_C_LANGUAGE_STANDARD = gnu11;
				GCC_NO_COMMON_BLOCKS = YES;
				GCC_WARN_64_TO_32_BIT_CONVERSION = YES;
				GCC_WARN_ABOUT_RETURN_TYPE = YES_ERROR;
				GCC_WARN_UNDECLARED_SELECTOR = YES;
				GCC_WARN_UNINITIALIZED_AUTOS = YES_AGGRESSIVE;
				GCC_WARN_UNUSED_FUNCTION = YES;
				GCC_WARN_UNUSED_VARIABLE = YES;
				IPHONEOS_DEPLOYMENT_TARGET = 15.0;
				MTL_ENABLE_DEBUG_INFO = NO;
				MTL_FAST_MATH = YES;
				SDKROOT = iphoneos;
				SWIFT_COMPILATION_MODE = wholemodule;
				SWIFT_OPTIMIZATION_LEVEL = "-O";
				VALIDATE_PRODUCT = YES;
			};
			name = Release;
		};
		1CDCB90B2765E47E00738F48 /* Debug */ = {
			isa = XCBuildConfiguration;
			buildSettings = {
				ASSETCATALOG_COMPILER_APPICON_NAME = AppIcon;
				ASSETCATALOG_COMPILER_GLOBAL_ACCENT_COLOR_NAME = AccentColor;
				CODE_SIGN_STYLE = Automatic;
				CURRENT_PROJECT_VERSION = 1;
				DEVELOPMENT_TEAM = A7V2TPBL24;
				GENERATE_INFOPLIST_FILE = YES;
				INFOPLIST_FILE = PinchMe/Info.plist;
				INFOPLIST_KEY_UIApplicationSupportsIndirectInputEvents = YES;
				INFOPLIST_KEY_UILaunchStoryboardName = LaunchScreen;
				INFOPLIST_KEY_UIMainStoryboardFile = Main;
				INFOPLIST_KEY_UISupportedInterfaceOrientations_iPad = "UIInterfaceOrientationPortrait UIInterfaceOrientationPortraitUpsideDown UIInterfaceOrientationLandscapeLeft UIInterfaceOrientationLandscapeRight";
				INFOPLIST_KEY_UISupportedInterfaceOrientations_iPhone = "UIInterfaceOrientationPortrait UIInterfaceOrientationLandscapeLeft UIInterfaceOrientationLandscapeRight";
				LD_RUNPATH_SEARCH_PATHS = (
					"$(inherited)",
					"@executable_path/Frameworks",
				);
				MARKETING_VERSION = 1.0;
				PRODUCT_BUNDLE_IDENTIFIER = by.sakratar.PinchMe;
				PRODUCT_NAME = "$(TARGET_NAME)";
				SWIFT_EMIT_LOC_STRINGS = YES;
				SWIFT_VERSION = 5.0;
				TARGETED_DEVICE_FAMILY = "1,2";
			};
			name = Debug;
		};
		1CDCB90C2765E47E00738F48 /* Release */ = {
			isa = XCBuildConfiguration;
			buildSettings = {
				ASSETCATALOG_COMPILER_APPICON_NAME = AppIcon;
				ASSETCATALOG_COMPILER_GLOBAL_ACCENT_COLOR_NAME = AccentColor;
				CODE_SIGN_STYLE = Automatic;
				CURRENT_PROJECT_VERSION = 1;
				DEVELOPMENT_TEAM = A7V2TPBL24;
				GENERATE_INFOPLIST_FILE = YES;
				INFOPLIST_FILE = PinchMe/Info.plist;
				INFOPLIST_KEY_UIApplicationSupportsIndirectInputEvents = YES;
				INFOPLIST_KEY_UILaunchStoryboardName = LaunchScreen;
				INFOPLIST_KEY_UIMainStoryboardFile = Main;
				INFOPLIST_KEY_UISupportedInterfaceOrientations_iPad = "UIInterfaceOrientationPortrait UIInterfaceOrientationPortraitUpsideDown UIInterfaceOrientationLandscapeLeft UIInterfaceOrientationLandscapeRight";
				INFOPLIST_KEY_UISupportedInterfaceOrientations_iPhone = "UIInterfaceOrientationPortrait UIInterfaceOrientationLandscapeLeft UIInterfaceOrientationLandscapeRight";
				LD_RUNPATH_SEARCH_PATHS = (
					"$(inherited)",
					"@executable_path/Frameworks",
				);
				MARKETING_VERSION = 1.0;
				PRODUCT_BUNDLE_IDENTIFIER = by.sakratar.PinchMe;
				PRODUCT_NAME = "$(TARGET_NAME)";
				SWIFT_EMIT_LOC_STRINGS = YES;
				SWIFT_VERSION = 5.0;
				TARGETED_DEVICE_FAMILY = "1,2";
			};
			name = Release;
		};
		1CDCB90E2765E47E00738F48 /* Debug */ = {
			isa = XCBuildConfiguration;
			buildSettings = {
				ALWAYS_EMBED_SWIFT_STANDARD_LIBRARIES = YES;
				BUNDLE_LOADER = "$(TEST_HOST)";
				CODE_SIGN_STYLE = Automatic;
				CURRENT_PROJECT_VERSION = 1;
				DEVELOPMENT_TEAM = A7V2TPBL24;
				GENERATE_INFOPLIST_FILE = YES;
				IPHONEOS_DEPLOYMENT_TARGET = 15.0;
				LD_RUNPATH_SEARCH_PATHS = (
					"$(inherited)",
					"@executable_path/Frameworks",
					"@loader_path/Frameworks",
				);
				MARKETING_VERSION = 1.0;
				PRODUCT_BUNDLE_IDENTIFIER = by.sakratar.PinchMeTests;
				PRODUCT_NAME = "$(TARGET_NAME)";
				SWIFT_EMIT_LOC_STRINGS = NO;
				SWIFT_VERSION = 5.0;
				TARGETED_DEVICE_FAMILY = "1,2";
				TEST_HOST = "$(BUILT_PRODUCTS_DIR)/PinchMe.app/PinchMe";
			};
			name = Debug;
		};
		1CDCB90F2765E47E00738F48 /* Release */ = {
			isa = XCBuildConfiguration;
			buildSettings = {
				ALWAYS_EMBED_SWIFT_STANDARD_LIBRARIES = YES;
				BUNDLE_LOADER = "$(TEST_HOST)";
				CODE_SIGN_STYLE = Automatic;
				CURRENT_PROJECT_VERSION = 1;
				DEVELOPMENT_TEAM = A7V2TPBL24;
				GENERATE_INFOPLIST_FILE = YES;
				IPHONEOS_DEPLOYMENT_TARGET = 15.0;
				LD_RUNPATH_SEARCH_PATHS = (
					"$(inherited)",
					"@executable_path/Frameworks",
					"@loader_path/Frameworks",
				);
				MARKETING_VERSION = 1.0;
				PRODUCT_BUNDLE_IDENTIFIER = by.sakratar.PinchMeTests;
				PRODUCT_NAME = "$(TARGET_NAME)";
				SWIFT_EMIT_LOC_STRINGS = NO;
				SWIFT_VERSION = 5.0;
				TARGETED_DEVICE_FAMILY = "1,2";
				TEST_HOST = "$(BUILT_PRODUCTS_DIR)/PinchMe.app/PinchMe";
			};
			name = Release;
		};
		1CDCB9112765E47E00738F48 /* Debug */ = {
			isa = XCBuildConfiguration;
			buildSettings = {
				ALWAYS_EMBED_SWIFT_STANDARD_LIBRARIES = YES;
				CODE_SIGN_STYLE = Automatic;
				CURRENT_PROJECT_VERSION = 1;
				DEVELOPMENT_TEAM = A7V2TPBL24;
				GENERATE_INFOPLIST_FILE = YES;
				LD_RUNPATH_SEARCH_PATHS = (
					"$(inherited)",
					"@executable_path/Frameworks",
					"@loader_path/Frameworks",
				);
				MARKETING_VERSION = 1.0;
				PRODUCT_BUNDLE_IDENTIFIER = by.sakratar.PinchMeUITests;
				PRODUCT_NAME = "$(TARGET_NAME)";
				SWIFT_EMIT_LOC_STRINGS = NO;
				SWIFT_VERSION = 5.0;
				TARGETED_DEVICE_FAMILY = "1,2";
				TEST_TARGET_NAME = PinchMe;
			};
			name = Debug;
		};
		1CDCB9122765E47E00738F48 /* Release */ = {
			isa = XCBuildConfiguration;
			buildSettings = {
				ALWAYS_EMBED_SWIFT_STANDARD_LIBRARIES = YES;
				CODE_SIGN_STYLE = Automatic;
				CURRENT_PROJECT_VERSION = 1;
				DEVELOPMENT_TEAM = A7V2TPBL24;
				GENERATE_INFOPLIST_FILE = YES;
				LD_RUNPATH_SEARCH_PATHS = (
					"$(inherited)",
					"@executable_path/Frameworks",
					"@loader_path/Frameworks",
				);
				MARKETING_VERSION = 1.0;
				PRODUCT_BUNDLE_IDENTIFIER = by.sakratar.PinchMeUITests;
				PRODUCT_NAME = "$(TARGET_NAME)";
				SWIFT_EMIT_LOC_STRINGS = NO;
				SWIFT_VERSION = 5.0;
				TARGETED_DEVICE_FAMILY = "1,2";
				TEST_TARGET_NAME = PinchMe;
			};
			name = Release;
		};
/* End XCBuildConfiguration section */

/* Begin XCConfigurationList section */
		1CDCB8DB2765E47C00738F48 /* Build configuration list for PBXProject "PinchMe" */ = {
			isa = XCConfigurationList;
			buildConfigurations = (
				1CDCB9082765E47E00738F48 /* Debug */,
				1CDCB9092765E47E00738F48 /* Release */,
			);
			defaultConfigurationIsVisible = 0;
			defaultConfigurationName = Release;
		};
		1CDCB90A2765E47E00738F48 /* Build configuration list for PBXNativeTarget "PinchMe" */ = {
			isa = XCConfigurationList;
			buildConfigurations = (
				1CDCB90B2765E47E00738F48 /* Debug */,
				1CDCB90C2765E47E00738F48 /* Release */,
			);
			defaultConfigurationIsVisible = 0;
			defaultConfigurationName = Release;
		};
		1CDCB90D2765E47E00738F48 /* Build configuration list for PBXNativeTarget "PinchMeTests" */ = {
			isa = XCConfigurationList;
			buildConfigurations = (
				1CDCB90E2765E47E00738F48 /* Debug */,
				1CDCB90F2765E47E00738F48 /* Release */,
			);
			defaultConfigurationIsVisible = 0;
			defaultConfigurationName = Release;
		};
		1CDCB9102765E47E00738F48 /* Build configuration list for PBXNativeTarget "PinchMeUITests" */ = {
			isa = XCConfigurationList;
			buildConfigurations = (
				1CDCB9112765E47E00738F48 /* Debug */,
				1CDCB9122765E47E00738F48 /* Release */,
			);
			defaultConfigurationIsVisible = 0;
			defaultConfigurationName = Release;
		};
/* End XCConfigurationList section */
	};
	rootObject = 1CDCB8D82765E47C00738F48 /* Project object */;
}
