// !$*UTF8*$!
{
	archiveVersion = 1;
	classes = {
	};
	objectVersion = 55;
	objects = {

/* Begin PBXBuildFile section */
		1C24AFF827687A75004CD9F5 /* AppDelegate.swift in Sources */ = {isa = PBXBuildFile; fileRef = 1C24AFF727687A75004CD9F5 /* AppDelegate.swift */; };
		1C24AFFA27687A75004CD9F5 /* SceneDelegate.swift in Sources */ = {isa = PBXBuildFile; fileRef = 1C24AFF927687A75004CD9F5 /* SceneDelegate.swift */; };
		1C24AFFC27687A75004CD9F5 /* ViewController.swift in Sources */ = {isa = PBXBuildFile; fileRef = 1C24AFFB27687A75004CD9F5 /* ViewController.swift */; };
		1C24AFFF27687A75004CD9F5 /* Main.storyboard in Resources */ = {isa = PBXBuildFile; fileRef = 1C24AFFD27687A75004CD9F5 /* Main.storyboard */; };
		1C24B00127687A77004CD9F5 /* Assets.xcassets in Resources */ = {isa = PBXBuildFile; fileRef = 1C24B00027687A77004CD9F5 /* Assets.xcassets */; };
		1C24B00427687A77004CD9F5 /* LaunchScreen.storyboard in Resources */ = {isa = PBXBuildFile; fileRef = 1C24B00227687A77004CD9F5 /* LaunchScreen.storyboard */; };
		1C24B00F27687A77004CD9F5 /* ShakeAndBreakTests.swift in Sources */ = {isa = PBXBuildFile; fileRef = 1C24B00E27687A77004CD9F5 /* ShakeAndBreakTests.swift */; };
		1C24B01927687A77004CD9F5 /* ShakeAndBreakUITests.swift in Sources */ = {isa = PBXBuildFile; fileRef = 1C24B01827687A77004CD9F5 /* ShakeAndBreakUITests.swift */; };
		1C24B01B27687A77004CD9F5 /* ShakeAndBreakUITestsLaunchTests.swift in Sources */ = {isa = PBXBuildFile; fileRef = 1C24B01A27687A77004CD9F5 /* ShakeAndBreakUITestsLaunchTests.swift */; };
		1C24B02C27687B82004CD9F5 /* glass.wav in Resources */ = {isa = PBXBuildFile; fileRef = 1C24B02B27687B82004CD9F5 /* glass.wav */; };
/* End PBXBuildFile section */

/* Begin PBXContainerItemProxy section */
		1C24B00B27687A77004CD9F5 /* PBXContainerItemProxy */ = {
			isa = PBXContainerItemProxy;
			containerPortal = 1C24AFEC27687A75004CD9F5 /* Project object */;
			proxyType = 1;
			remoteGlobalIDString = 1C24AFF327687A75004CD9F5;
			remoteInfo = ShakeAndBreak;
		};
		1C24B01527687A77004CD9F5 /* PBXContainerItemProxy */ = {
			isa = PBXContainerItemProxy;
			containerPortal = 1C24AFEC27687A75004CD9F5 /* Project object */;
			proxyType = 1;
			remoteGlobalIDString = 1C24AFF327687A75004CD9F5;
			remoteInfo = ShakeAndBreak;
		};
/* End PBXContainerItemProxy section */

/* Begin PBXFileReference section */
		1C24AFF427687A75004CD9F5 /* ShakeAndBreak.app */ = {isa = PBXFileReference; explicitFileType = wrapper.application; includeInIndex = 0; path = ShakeAndBreak.app; sourceTree = BUILT_PRODUCTS_DIR; };
		1C24AFF727687A75004CD9F5 /* AppDelegate.swift */ = {isa = PBXFileReference; lastKnownFileType = sourcecode.swift; path = AppDelegate.swift; sourceTree = "<group>"; };
		1C24AFF927687A75004CD9F5 /* SceneDelegate.swift */ = {isa = PBXFileReference; lastKnownFileType = sourcecode.swift; path = SceneDelegate.swift; sourceTree = "<group>"; };
		1C24AFFB27687A75004CD9F5 /* ViewController.swift */ = {isa = PBXFileReference; lastKnownFileType = sourcecode.swift; path = ViewController.swift; sourceTree = "<group>"; };
		1C24AFFE27687A75004CD9F5 /* Base */ = {isa = PBXFileReference; lastKnownFileType = file.storyboard; name = Base; path = Base.lproj/Main.storyboard; sourceTree = "<group>"; };
		1C24B00027687A77004CD9F5 /* Assets.xcassets */ = {isa = PBXFileReference; lastKnownFileType = folder.assetcatalog; path = Assets.xcassets; sourceTree = "<group>"; };
		1C24B00327687A77004CD9F5 /* Base */ = {isa = PBXFileReference; lastKnownFileType = file.storyboard; name = Base; path = Base.lproj/LaunchScreen.storyboard; sourceTree = "<group>"; };
		1C24B00527687A77004CD9F5 /* Info.plist */ = {isa = PBXFileReference; lastKnownFileType = text.plist.xml; path = Info.plist; sourceTree = "<group>"; };
		1C24B00A27687A77004CD9F5 /* ShakeAndBreakTests.xctest */ = {isa = PBXFileReference; explicitFileType = wrapper.cfbundle; includeInIndex = 0; path = ShakeAndBreakTests.xctest; sourceTree = BUILT_PRODUCTS_DIR; };
		1C24B00E27687A77004CD9F5 /* ShakeAndBreakTests.swift */ = {isa = PBXFileReference; lastKnownFileType = sourcecode.swift; path = ShakeAndBreakTests.swift; sourceTree = "<group>"; };
		1C24B01427687A77004CD9F5 /* ShakeAndBreakUITests.xctest */ = {isa = PBXFileReference; explicitFileType = wrapper.cfbundle; includeInIndex = 0; path = ShakeAndBreakUITests.xctest; sourceTree = BUILT_PRODUCTS_DIR; };
		1C24B01827687A77004CD9F5 /* ShakeAndBreakUITests.swift */ = {isa = PBXFileReference; lastKnownFileType = sourcecode.swift; path = ShakeAndBreakUITests.swift; sourceTree = "<group>"; };
		1C24B01A27687A77004CD9F5 /* ShakeAndBreakUITestsLaunchTests.swift */ = {isa = PBXFileReference; lastKnownFileType = sourcecode.swift; path = ShakeAndBreakUITestsLaunchTests.swift; sourceTree = "<group>"; };
		1C24B02B27687B82004CD9F5 /* glass.wav */ = {isa = PBXFileReference; lastKnownFileType = audio.wav; path = glass.wav; sourceTree = "<group>"; };
/* End PBXFileReference section */

/* Begin PBXFrameworksBuildPhase section */
		1C24AFF127687A75004CD9F5 /* Frameworks */ = {
			isa = PBXFrameworksBuildPhase;
			buildActionMask = 2147483647;
			files = (
			);
			runOnlyForDeploymentPostprocessing = 0;
		};
		1C24B00727687A77004CD9F5 /* Frameworks */ = {
			isa = PBXFrameworksBuildPhase;
			buildActionMask = 2147483647;
			files = (
			);
			runOnlyForDeploymentPostprocessing = 0;
		};
		1C24B01127687A77004CD9F5 /* Frameworks */ = {
			isa = PBXFrameworksBuildPhase;
			buildActionMask = 2147483647;
			files = (
			);
			runOnlyForDeploymentPostprocessing = 0;
		};
/* End PBXFrameworksBuildPhase section */

/* Begin PBXGroup section */
		1C24AFEB27687A75004CD9F5 = {
			isa = PBXGroup;
			children = (
				1C24AFF627687A75004CD9F5 /* ShakeAndBreak */,
				1C24B00D27687A77004CD9F5 /* ShakeAndBreakTests */,
				1C24B01727687A77004CD9F5 /* ShakeAndBreakUITests */,
				1C24AFF527687A75004CD9F5 /* Products */,
			);
			sourceTree = "<group>";
		};
		1C24AFF527687A75004CD9F5 /* Products */ = {
			isa = PBXGroup;
			children = (
				1C24AFF427687A75004CD9F5 /* ShakeAndBreak.app */,
				1C24B00A27687A77004CD9F5 /* ShakeAndBreakTests.xctest */,
				1C24B01427687A77004CD9F5 /* ShakeAndBreakUITests.xctest */,
			);
			name = Products;
			sourceTree = "<group>";
		};
		1C24AFF627687A75004CD9F5 /* ShakeAndBreak */ = {
			isa = PBXGroup;
			children = (
				1C24AFF727687A75004CD9F5 /* AppDelegate.swift */,
				1C24AFF927687A75004CD9F5 /* SceneDelegate.swift */,
				1C24AFFB27687A75004CD9F5 /* ViewController.swift */,
				1C24AFFD27687A75004CD9F5 /* Main.storyboard */,
				1C24B00227687A77004CD9F5 /* LaunchScreen.storyboard */,
				1C24B02B27687B82004CD9F5 /* glass.wav */,
				1C24B00027687A77004CD9F5 /* Assets.xcassets */,
				1C24B00527687A77004CD9F5 /* Info.plist */,
			);
			path = ShakeAndBreak;
			sourceTree = "<group>";
		};
		1C24B00D27687A77004CD9F5 /* ShakeAndBreakTests */ = {
			isa = PBXGroup;
			children = (
				1C24B00E27687A77004CD9F5 /* ShakeAndBreakTests.swift */,
			);
			path = ShakeAndBreakTests;
			sourceTree = "<group>";
		};
		1C24B01727687A77004CD9F5 /* ShakeAndBreakUITests */ = {
			isa = PBXGroup;
			children = (
				1C24B01827687A77004CD9F5 /* ShakeAndBreakUITests.swift */,
				1C24B01A27687A77004CD9F5 /* ShakeAndBreakUITestsLaunchTests.swift */,
			);
			path = ShakeAndBreakUITests;
			sourceTree = "<group>";
		};
/* End PBXGroup section */

/* Begin PBXNativeTarget section */
		1C24AFF327687A75004CD9F5 /* ShakeAndBreak */ = {
			isa = PBXNativeTarget;
			buildConfigurationList = 1C24B01E27687A77004CD9F5 /* Build configuration list for PBXNativeTarget "ShakeAndBreak" */;
			buildPhases = (
				1C24AFF027687A75004CD9F5 /* Sources */,
				1C24AFF127687A75004CD9F5 /* Frameworks */,
				1C24AFF227687A75004CD9F5 /* Resources */,
			);
			buildRules = (
			);
			dependencies = (
			);
			name = ShakeAndBreak;
			productName = ShakeAndBreak;
			productReference = 1C24AFF427687A75004CD9F5 /* ShakeAndBreak.app */;
			productType = "com.apple.product-type.application";
		};
		1C24B00927687A77004CD9F5 /* ShakeAndBreakTests */ = {
			isa = PBXNativeTarget;
			buildConfigurationList = 1C24B02127687A77004CD9F5 /* Build configuration list for PBXNativeTarget "ShakeAndBreakTests" */;
			buildPhases = (
				1C24B00627687A77004CD9F5 /* Sources */,
				1C24B00727687A77004CD9F5 /* Frameworks */,
				1C24B00827687A77004CD9F5 /* Resources */,
			);
			buildRules = (
			);
			dependencies = (
				1C24B00C27687A77004CD9F5 /* PBXTargetDependency */,
			);
			name = ShakeAndBreakTests;
			productName = ShakeAndBreakTests;
			productReference = 1C24B00A27687A77004CD9F5 /* ShakeAndBreakTests.xctest */;
			productType = "com.apple.product-type.bundle.unit-test";
		};
		1C24B01327687A77004CD9F5 /* ShakeAndBreakUITests */ = {
			isa = PBXNativeTarget;
			buildConfigurationList = 1C24B02427687A77004CD9F5 /* Build configuration list for PBXNativeTarget "ShakeAndBreakUITests" */;
			buildPhases = (
				1C24B01027687A77004CD9F5 /* Sources */,
				1C24B01127687A77004CD9F5 /* Frameworks */,
				1C24B01227687A77004CD9F5 /* Resources */,
			);
			buildRules = (
			);
			dependencies = (
				1C24B01627687A77004CD9F5 /* PBXTargetDependency */,
			);
			name = ShakeAndBreakUITests;
			productName = ShakeAndBreakUITests;
			productReference = 1C24B01427687A77004CD9F5 /* ShakeAndBreakUITests.xctest */;
			productType = "com.apple.product-type.bundle.ui-testing";
		};
/* End PBXNativeTarget section */

/* Begin PBXProject section */
		1C24AFEC27687A75004CD9F5 /* Project object */ = {
			isa = PBXProject;
			attributes = {
				BuildIndependentTargetsInParallel = 1;
				LastSwiftUpdateCheck = 1320;
				LastUpgradeCheck = 1320;
				TargetAttributes = {
					1C24AFF327687A75004CD9F5 = {
						CreatedOnToolsVersion = 13.2;
					};
					1C24B00927687A77004CD9F5 = {
						CreatedOnToolsVersion = 13.2;
						TestTargetID = 1C24AFF327687A75004CD9F5;
					};
					1C24B01327687A77004CD9F5 = {
						CreatedOnToolsVersion = 13.2;
						TestTargetID = 1C24AFF327687A75004CD9F5;
					};
				};
			};
			buildConfigurationList = 1C24AFEF27687A75004CD9F5 /* Build configuration list for PBXProject "ShakeAndBreak" */;
			compatibilityVersion = "Xcode 13.0";
			developmentRegion = en;
			hasScannedForEncodings = 0;
			knownRegions = (
				en,
				Base,
			);
			mainGroup = 1C24AFEB27687A75004CD9F5;
			productRefGroup = 1C24AFF527687A75004CD9F5 /* Products */;
			projectDirPath = "";
			projectRoot = "";
			targets = (
				1C24AFF327687A75004CD9F5 /* ShakeAndBreak */,
				1C24B00927687A77004CD9F5 /* ShakeAndBreakTests */,
				1C24B01327687A77004CD9F5 /* ShakeAndBreakUITests */,
			);
		};
/* End PBXProject section */

/* Begin PBXResourcesBuildPhase section */
		1C24AFF227687A75004CD9F5 /* Resources */ = {
			isa = PBXResourcesBuildPhase;
			buildActionMask = 2147483647;
			files = (
				1C24B00427687A77004CD9F5 /* LaunchScreen.storyboard in Resources */,
				1C24B00127687A77004CD9F5 /* Assets.xcassets in Resources */,
				1C24AFFF27687A75004CD9F5 /* Main.storyboard in Resources */,
				1C24B02C27687B82004CD9F5 /* glass.wav in Resources */,
			);
			runOnlyForDeploymentPostprocessing = 0;
		};
		1C24B00827687A77004CD9F5 /* Resources */ = {
			isa = PBXResourcesBuildPhase;
			buildActionMask = 2147483647;
			files = (
			);
			runOnlyForDeploymentPostprocessing = 0;
		};
		1C24B01227687A77004CD9F5 /* Resources */ = {
			isa = PBXResourcesBuildPhase;
			buildActionMask = 2147483647;
			files = (
			);
			runOnlyForDeploymentPostprocessing = 0;
		};
/* End PBXResourcesBuildPhase section */

/* Begin PBXSourcesBuildPhase section */
		1C24AFF027687A75004CD9F5 /* Sources */ = {
			isa = PBXSourcesBuildPhase;
			buildActionMask = 2147483647;
			files = (
				1C24AFFC27687A75004CD9F5 /* ViewController.swift in Sources */,
				1C24AFF827687A75004CD9F5 /* AppDelegate.swift in Sources */,
				1C24AFFA27687A75004CD9F5 /* SceneDelegate.swift in Sources */,
			);
			runOnlyForDeploymentPostprocessing = 0;
		};
		1C24B00627687A77004CD9F5 /* Sources */ = {
			isa = PBXSourcesBuildPhase;
			buildActionMask = 2147483647;
			files = (
				1C24B00F27687A77004CD9F5 /* ShakeAndBreakTests.swift in Sources */,
			);
			runOnlyForDeploymentPostprocessing = 0;
		};
		1C24B01027687A77004CD9F5 /* Sources */ = {
			isa = PBXSourcesBuildPhase;
			buildActionMask = 2147483647;
			files = (
				1C24B01927687A77004CD9F5 /* ShakeAndBreakUITests.swift in Sources */,
				1C24B01B27687A77004CD9F5 /* ShakeAndBreakUITestsLaunchTests.swift in Sources */,
			);
			runOnlyForDeploymentPostprocessing = 0;
		};
/* End PBXSourcesBuildPhase section */

/* Begin PBXTargetDependency section */
		1C24B00C27687A77004CD9F5 /* PBXTargetDependency */ = {
			isa = PBXTargetDependency;
			target = 1C24AFF327687A75004CD9F5 /* ShakeAndBreak */;
			targetProxy = 1C24B00B27687A77004CD9F5 /* PBXContainerItemProxy */;
		};
		1C24B01627687A77004CD9F5 /* PBXTargetDependency */ = {
			isa = PBXTargetDependency;
			target = 1C24AFF327687A75004CD9F5 /* ShakeAndBreak */;
			targetProxy = 1C24B01527687A77004CD9F5 /* PBXContainerItemProxy */;
		};
/* End PBXTargetDependency section */

/* Begin PBXVariantGroup section */
		1C24AFFD27687A75004CD9F5 /* Main.storyboard */ = {
			isa = PBXVariantGroup;
			children = (
				1C24AFFE27687A75004CD9F5 /* Base */,
			);
			name = Main.storyboard;
			sourceTree = "<group>";
		};
		1C24B00227687A77004CD9F5 /* LaunchScreen.storyboard */ = {
			isa = PBXVariantGroup;
			children = (
				1C24B00327687A77004CD9F5 /* Base */,
			);
			name = LaunchScreen.storyboard;
			sourceTree = "<group>";
		};
/* End PBXVariantGroup section */

/* Begin XCBuildConfiguration section */
		1C24B01C27687A77004CD9F5 /* Debug */ = {
			isa = XCBuildConfiguration;
			buildSettings = {
				ALWAYS_SEARCH_USER_PATHS = NO;
				CLANG_ANALYZER_NONNULL = YES;
				CLANG_ANALYZER_NUMBER_OBJECT_CONVERSION = YES_AGGRESSIVE;
				CLANG_CXX_LANGUAGE_STANDARD = "gnu++17";
				CLANG_CXX_LIBRARY = "libc++";
				CLANG_ENABLE_MODULES = YES;
				CLANG_ENABLE_OBJC_ARC = YES;
				CLANG_ENABLE_OBJC_WEAK = YES;
				CLANG_WARN_BLOCK_CAPTURE_AUTORELEASING = YES;
				CLANG_WARN_BOOL_CONVERSION = YES;
				CLANG_WARN_COMMA = YES;
				CLANG_WARN_CONSTANT_CONVERSION = YES;
				CLANG_WARN_DEPRECATED_OBJC_IMPLEMENTATIONS = YES;
				CLANG_WARN_DIRECT_OBJC_ISA_USAGE = YES_ERROR;
				CLANG_WARN_DOCUMENTATION_COMMENTS = YES;
				CLANG_WARN_EMPTY_BODY = YES;
				CLANG_WARN_ENUM_CONVERSION = YES;
				CLANG_WARN_INFINITE_RECURSION = YES;
				CLANG_WARN_INT_CONVERSION = YES;
				CLANG_WARN_NON_LITERAL_NULL_CONVERSION = YES;
				CLANG_WARN_OBJC_IMPLICIT_RETAIN_SELF = YES;
				CLANG_WARN_OBJC_LITERAL_CONVERSION = YES;
				CLANG_WARN_OBJC_ROOT_CLASS = YES_ERROR;
				CLANG_WARN_QUOTED_INCLUDE_IN_FRAMEWORK_HEADER = YES;
				CLANG_WARN_RANGE_LOOP_ANALYSIS = YES;
				CLANG_WARN_STRICT_PROTOTYPES = YES;
				CLANG_WARN_SUSPICIOUS_MOVE = YES;
				CLANG_WARN_UNGUARDED_AVAILABILITY = YES_AGGRESSIVE;
				CLANG_WARN_UNREACHABLE_CODE = YES;
				CLANG_WARN__DUPLICATE_METHOD_MATCH = YES;
				COPY_PHASE_STRIP = NO;
				DEBUG_INFORMATION_FORMAT = dwarf;
				ENABLE_STRICT_OBJC_MSGSEND = YES;
				ENABLE_TESTABILITY = YES;
				GCC_C_LANGUAGE_STANDARD = gnu11;
				GCC_DYNAMIC_NO_PIC = NO;
				GCC_NO_COMMON_BLOCKS = YES;
				GCC_OPTIMIZATION_LEVEL = 0;
				GCC_PREPROCESSOR_DEFINITIONS = (
					"DEBUG=1",
					"$(inherited)",
				);
				GCC_WARN_64_TO_32_BIT_CONVERSION = YES;
				GCC_WARN_ABOUT_RETURN_TYPE = YES_ERROR;
				GCC_WARN_UNDECLARED_SELECTOR = YES;
				GCC_WARN_UNINITIALIZED_AUTOS = YES_AGGRESSIVE;
				GCC_WARN_UNUSED_FUNCTION = YES;
				GCC_WARN_UNUSED_VARIABLE = YES;
				IPHONEOS_DEPLOYMENT_TARGET = 15.2;
				MTL_ENABLE_DEBUG_INFO = INCLUDE_SOURCE;
				MTL_FAST_MATH = YES;
				ONLY_ACTIVE_ARCH = YES;
				SDKROOT = iphoneos;
				SWIFT_ACTIVE_COMPILATION_CONDITIONS = DEBUG;
				SWIFT_OPTIMIZATION_LEVEL = "-Onone";
			};
			name = Debug;
		};
		1C24B01D27687A77004CD9F5 /* Release */ = {
			isa = XCBuildConfiguration;
			buildSettings = {
				ALWAYS_SEARCH_USER_PATHS = NO;
				CLANG_ANALYZER_NONNULL = YES;
				CLANG_ANALYZER_NUMBER_OBJECT_CONVERSION = YES_AGGRESSIVE;
				CLANG_CXX_LANGUAGE_STANDARD = "gnu++17";
				CLANG_CXX_LIBRARY = "libc++";
				CLANG_ENABLE_MODULES = YES;
				CLANG_ENABLE_OBJC_ARC = YES;
				CLANG_ENABLE_OBJC_WEAK = YES;
				CLANG_WARN_BLOCK_CAPTURE_AUTORELEASING = YES;
				CLANG_WARN_BOOL_CONVERSION = YES;
				CLANG_WARN_COMMA = YES;
				CLANG_WARN_CONSTANT_CONVERSION = YES;
				CLANG_WARN_DEPRECATED_OBJC_IMPLEMENTATIONS = YES;
				CLANG_WARN_DIRECT_OBJC_ISA_USAGE = YES_ERROR;
				CLANG_WARN_DOCUMENTATION_COMMENTS = YES;
				CLANG_WARN_EMPTY_BODY = YES;
				CLANG_WARN_ENUM_CONVERSION = YES;
				CLANG_WARN_INFINITE_RECURSION = YES;
				CLANG_WARN_INT_CONVERSION = YES;
				CLANG_WARN_NON_LITERAL_NULL_CONVERSION = YES;
				CLANG_WARN_OBJC_IMPLICIT_RETAIN_SELF = YES;
				CLANG_WARN_OBJC_LITERAL_CONVERSION = YES;
				CLANG_WARN_OBJC_ROOT_CLASS = YES_ERROR;
				CLANG_WARN_QUOTED_INCLUDE_IN_FRAMEWORK_HEADER = YES;
				CLANG_WARN_RANGE_LOOP_ANALYSIS = YES;
				CLANG_WARN_STRICT_PROTOTYPES = YES;
				CLANG_WARN_SUSPICIOUS_MOVE = YES;
				CLANG_WARN_UNGUARDED_AVAILABILITY = YES_AGGRESSIVE;
				CLANG_WARN_UNREACHABLE_CODE = YES;
				CLANG_WARN__DUPLICATE_METHOD_MATCH = YES;
				COPY_PHASE_STRIP = NO;
				DEBUG_INFORMATION_FORMAT = "dwarf-with-dsym";
				ENABLE_NS_ASSERTIONS = NO;
				ENABLE_STRICT_OBJC_MSGSEND = YES;
				GCC_C_LANGUAGE_STANDARD = gnu11;
				GCC_NO_COMMON_BLOCKS = YES;
				GCC_WARN_64_TO_32_BIT_CONVERSION = YES;
				GCC_WARN_ABOUT_RETURN_TYPE = YES_ERROR;
				GCC_WARN_UNDECLARED_SELECTOR = YES;
				GCC_WARN_UNINITIALIZED_AUTOS = YES_AGGRESSIVE;
				GCC_WARN_UNUSED_FUNCTION = YES;
				GCC_WARN_UNUSED_VARIABLE = YES;
				IPHONEOS_DEPLOYMENT_TARGET = 15.2;
				MTL_ENABLE_DEBUG_INFO = NO;
				MTL_FAST_MATH = YES;
				SDKROOT = iphoneos;
				SWIFT_COMPILATION_MODE = wholemodule;
				SWIFT_OPTIMIZATION_LEVEL = "-O";
				VALIDATE_PRODUCT = YES;
			};
			name = Release;
		};
		1C24B01F27687A77004CD9F5 /* Debug */ = {
			isa = XCBuildConfiguration;
			buildSettings = {
				ASSETCATALOG_COMPILER_APPICON_NAME = AppIcon;
				ASSETCATALOG_COMPILER_GLOBAL_ACCENT_COLOR_NAME = AccentColor;
				CODE_SIGN_STYLE = Automatic;
				CURRENT_PROJECT_VERSION = 1;
				DEVELOPMENT_TEAM = A7V2TPBL24;
				GENERATE_INFOPLIST_FILE = YES;
				INFOPLIST_FILE = ShakeAndBreak/Info.plist;
				INFOPLIST_KEY_UIApplicationSupportsIndirectInputEvents = YES;
				INFOPLIST_KEY_UILaunchStoryboardName = LaunchScreen;
				INFOPLIST_KEY_UIMainStoryboardFile = Main;
				INFOPLIST_KEY_UISupportedInterfaceOrientations_iPad = "UIInterfaceOrientationPortrait UIInterfaceOrientationPortraitUpsideDown UIInterfaceOrientationLandscapeLeft UIInterfaceOrientationLandscapeRight";
				INFOPLIST_KEY_UISupportedInterfaceOrientations_iPhone = "UIInterfaceOrientationPortrait UIInterfaceOrientationLandscapeLeft UIInterfaceOrientationLandscapeRight";
				LD_RUNPATH_SEARCH_PATHS = (
					"$(inherited)",
					"@executable_path/Frameworks",
				);
				MARKETING_VERSION = 1.0;
				PRODUCT_BUNDLE_IDENTIFIER = by.sakratar.ShakeAndBreak;
				PRODUCT_NAME = "$(TARGET_NAME)";
				SWIFT_EMIT_LOC_STRINGS = YES;
				SWIFT_VERSION = 5.0;
				TARGETED_DEVICE_FAMILY = "1,2";
			};
			name = Debug;
		};
		1C24B02027687A77004CD9F5 /* Release */ = {
			isa = XCBuildConfiguration;
			buildSettings = {
				ASSETCATALOG_COMPILER_APPICON_NAME = AppIcon;
				ASSETCATALOG_COMPILER_GLOBAL_ACCENT_COLOR_NAME = AccentColor;
				CODE_SIGN_STYLE = Automatic;
				CURRENT_PROJECT_VERSION = 1;
				DEVELOPMENT_TEAM = A7V2TPBL24;
				GENERATE_INFOPLIST_FILE = YES;
				INFOPLIST_FILE = ShakeAndBreak/Info.plist;
				INFOPLIST_KEY_UIApplicationSupportsIndirectInputEvents = YES;
				INFOPLIST_KEY_UILaunchStoryboardName = LaunchScreen;
				INFOPLIST_KEY_UIMainStoryboardFile = Main;
				INFOPLIST_KEY_UISupportedInterfaceOrientations_iPad = "UIInterfaceOrientationPortrait UIInterfaceOrientationPortraitUpsideDown UIInterfaceOrientationLandscapeLeft UIInterfaceOrientationLandscapeRight";
				INFOPLIST_KEY_UISupportedInterfaceOrientations_iPhone = "UIInterfaceOrientationPortrait UIInterfaceOrientationLandscapeLeft UIInterfaceOrientationLandscapeRight";
				LD_RUNPATH_SEARCH_PATHS = (
					"$(inherited)",
					"@executable_path/Frameworks",
				);
				MARKETING_VERSION = 1.0;
				PRODUCT_BUNDLE_IDENTIFIER = by.sakratar.ShakeAndBreak;
				PRODUCT_NAME = "$(TARGET_NAME)";
				SWIFT_EMIT_LOC_STRINGS = YES;
				SWIFT_VERSION = 5.0;
				TARGETED_DEVICE_FAMILY = "1,2";
			};
			name = Release;
		};
		1C24B02227687A77004CD9F5 /* Debug */ = {
			isa = XCBuildConfiguration;
			buildSettings = {
				ALWAYS_EMBED_SWIFT_STANDARD_LIBRARIES = YES;
				BUNDLE_LOADER = "$(TEST_HOST)";
				CODE_SIGN_STYLE = Automatic;
				CURRENT_PROJECT_VERSION = 1;
				DEVELOPMENT_TEAM = A7V2TPBL24;
				GENERATE_INFOPLIST_FILE = YES;
				IPHONEOS_DEPLOYMENT_TARGET = 15.2;
				MARKETING_VERSION = 1.0;
				PRODUCT_BUNDLE_IDENTIFIER = by.sakratar.ShakeAndBreakTests;
				PRODUCT_NAME = "$(TARGET_NAME)";
				SWIFT_EMIT_LOC_STRINGS = NO;
				SWIFT_VERSION = 5.0;
				TARGETED_DEVICE_FAMILY = "1,2";
				TEST_HOST = "$(BUILT_PRODUCTS_DIR)/ShakeAndBreak.app/ShakeAndBreak";
			};
			name = Debug;
		};
		1C24B02327687A77004CD9F5 /* Release */ = {
			isa = XCBuildConfiguration;
			buildSettings = {
				ALWAYS_EMBED_SWIFT_STANDARD_LIBRARIES = YES;
				BUNDLE_LOADER = "$(TEST_HOST)";
				CODE_SIGN_STYLE = Automatic;
				CURRENT_PROJECT_VERSION = 1;
				DEVELOPMENT_TEAM = A7V2TPBL24;
				GENERATE_INFOPLIST_FILE = YES;
				IPHONEOS_DEPLOYMENT_TARGET = 15.2;
				MARKETING_VERSION = 1.0;
				PRODUCT_BUNDLE_IDENTIFIER = by.sakratar.ShakeAndBreakTests;
				PRODUCT_NAME = "$(TARGET_NAME)";
				SWIFT_EMIT_LOC_STRINGS = NO;
				SWIFT_VERSION = 5.0;
				TARGETED_DEVICE_FAMILY = "1,2";
				TEST_HOST = "$(BUILT_PRODUCTS_DIR)/ShakeAndBreak.app/ShakeAndBreak";
			};
			name = Release;
		};
		1C24B02527687A77004CD9F5 /* Debug */ = {
			isa = XCBuildConfiguration;
			buildSettings = {
				ALWAYS_EMBED_SWIFT_STANDARD_LIBRARIES = YES;
				CODE_SIGN_STYLE = Automatic;
				CURRENT_PROJECT_VERSION = 1;
				DEVELOPMENT_TEAM = A7V2TPBL24;
				GENERATE_INFOPLIST_FILE = YES;
				MARKETING_VERSION = 1.0;
				PRODUCT_BUNDLE_IDENTIFIER = by.sakratar.ShakeAndBreakUITests;
				PRODUCT_NAME = "$(TARGET_NAME)";
				SWIFT_EMIT_LOC_STRINGS = NO;
				SWIFT_VERSION = 5.0;
				TARGETED_DEVICE_FAMILY = "1,2";
				TEST_TARGET_NAME = ShakeAndBreak;
			};
			name = Debug;
		};
		1C24B02627687A77004CD9F5 /* Release */ = {
			isa = XCBuildConfiguration;
			buildSettings = {
				ALWAYS_EMBED_SWIFT_STANDARD_LIBRARIES = YES;
				CODE_SIGN_STYLE = Automatic;
				CURRENT_PROJECT_VERSION = 1;
				DEVELOPMENT_TEAM = A7V2TPBL24;
				GENERATE_INFOPLIST_FILE = YES;
				MARKETING_VERSION = 1.0;
				PRODUCT_BUNDLE_IDENTIFIER = by.sakratar.ShakeAndBreakUITests;
				PRODUCT_NAME = "$(TARGET_NAME)";
				SWIFT_EMIT_LOC_STRINGS = NO;
				SWIFT_VERSION = 5.0;
				TARGETED_DEVICE_FAMILY = "1,2";
				TEST_TARGET_NAME = ShakeAndBreak;
			};
			name = Release;
		};
/* End XCBuildConfiguration section */

/* Begin XCConfigurationList section */
		1C24AFEF27687A75004CD9F5 /* Build configuration list for PBXProject "ShakeAndBreak" */ = {
			isa = XCConfigurationList;
			buildConfigurations = (
				1C24B01C27687A77004CD9F5 /* Debug */,
				1C24B01D27687A77004CD9F5 /* Release */,
			);
			defaultConfigurationIsVisible = 0;
			defaultConfigurationName = Release;
		};
		1C24B01E27687A77004CD9F5 /* Build configuration list for PBXNativeTarget "ShakeAndBreak" */ = {
			isa = XCConfigurationList;
			buildConfigurations = (
				1C24B01F27687A77004CD9F5 /* Debug */,
				1C24B02027687A77004CD9F5 /* Release */,
			);
			defaultConfigurationIsVisible = 0;
			defaultConfigurationName = Release;
		};
		1C24B02127687A77004CD9F5 /* Build configuration list for PBXNativeTarget "ShakeAndBreakTests" */ = {
			isa = XCConfigurationList;
			buildConfigurations = (
				1C24B02227687A77004CD9F5 /* Debug */,
				1C24B02327687A77004CD9F5 /* Release */,
			);
			defaultConfigurationIsVisible = 0;
			defaultConfigurationName = Release;
		};
		1C24B02427687A77004CD9F5 /* Build configuration list for PBXNativeTarget "ShakeAndBreakUITests" */ = {
			isa = XCConfigurationList;
			buildConfigurations = (
				1C24B02527687A77004CD9F5 /* Debug */,
				1C24B02627687A77004CD9F5 /* Release */,
			);
			defaultConfigurationIsVisible = 0;
			defaultConfigurationName = Release;
		};
/* End XCConfigurationList section */
	};
	rootObject = 1C24AFEC27687A75004CD9F5 /* Project object */;
}
