// !$*UTF8*$!
{
	archiveVersion = 1;
	classes = {
	};
	objectVersion = 55;
	objects = {

/* Begin PBXBuildFile section */
		1C24B03A2768942B004CD9F5 /* AppDelegate.swift in Sources */ = {isa = PBXBuildFile; fileRef = 1C24B0392768942B004CD9F5 /* AppDelegate.swift */; };
		1C24B03C2768942B004CD9F5 /* SceneDelegate.swift in Sources */ = {isa = PBXBuildFile; fileRef = 1C24B03B2768942B004CD9F5 /* SceneDelegate.swift */; };
		1C24B03E2768942B004CD9F5 /* ViewController.swift in Sources */ = {isa = PBXBuildFile; fileRef = 1C24B03D2768942B004CD9F5 /* ViewController.swift */; };
		1C24B0412768942B004CD9F5 /* Main.storyboard in Resources */ = {isa = PBXBuildFile; fileRef = 1C24B03F2768942B004CD9F5 /* Main.storyboard */; };
		1C24B0432768942D004CD9F5 /* Assets.xcassets in Resources */ = {isa = PBXBuildFile; fileRef = 1C24B0422768942D004CD9F5 /* Assets.xcassets */; };
		1C24B0462768942D004CD9F5 /* LaunchScreen.storyboard in Resources */ = {isa = PBXBuildFile; fileRef = 1C24B0442768942D004CD9F5 /* LaunchScreen.storyboard */; };
		1C24B0512768942D004CD9F5 /* BallTests.swift in Sources */ = {isa = PBXBuildFile; fileRef = 1C24B0502768942D004CD9F5 /* BallTests.swift */; };
		1C24B05B2768942D004CD9F5 /* BallUITests.swift in Sources */ = {isa = PBXBuildFile; fileRef = 1C24B05A2768942D004CD9F5 /* BallUITests.swift */; };
		1C24B05D2768942D004CD9F5 /* BallUITestsLaunchTests.swift in Sources */ = {isa = PBXBuildFile; fileRef = 1C24B05C2768942D004CD9F5 /* BallUITestsLaunchTests.swift */; };
		1C24B06A276894BC004CD9F5 /* BallView.swift in Sources */ = {isa = PBXBuildFile; fileRef = 1C24B069276894BC004CD9F5 /* BallView.swift */; };
/* End PBXBuildFile section */

/* Begin PBXContainerItemProxy section */
		1C24B04D2768942D004CD9F5 /* PBXContainerItemProxy */ = {
			isa = PBXContainerItemProxy;
			containerPortal = 1C24B02E2768942B004CD9F5 /* Project object */;
			proxyType = 1;
			remoteGlobalIDString = 1C24B0352768942B004CD9F5;
			remoteInfo = Ball;
		};
		1C24B0572768942D004CD9F5 /* PBXContainerItemProxy */ = {
			isa = PBXContainerItemProxy;
			containerPortal = 1C24B02E2768942B004CD9F5 /* Project object */;
			proxyType = 1;
			remoteGlobalIDString = 1C24B0352768942B004CD9F5;
			remoteInfo = Ball;
		};
/* End PBXContainerItemProxy section */

/* Begin PBXFileReference section */
		1C24B0362768942B004CD9F5 /* Ball.app */ = {isa = PBXFileReference; explicitFileType = wrapper.application; includeInIndex = 0; path = Ball.app; sourceTree = BUILT_PRODUCTS_DIR; };
		1C24B0392768942B004CD9F5 /* AppDelegate.swift */ = {isa = PBXFileReference; lastKnownFileType = sourcecode.swift; path = AppDelegate.swift; sourceTree = "<group>"; };
		1C24B03B2768942B004CD9F5 /* SceneDelegate.swift */ = {isa = PBXFileReference; lastKnownFileType = sourcecode.swift; path = SceneDelegate.swift; sourceTree = "<group>"; };
		1C24B03D2768942B004CD9F5 /* ViewController.swift */ = {isa = PBXFileReference; lastKnownFileType = sourcecode.swift; path = ViewController.swift; sourceTree = "<group>"; };
		1C24B0402768942B004CD9F5 /* Base */ = {isa = PBXFileReference; lastKnownFileType = file.storyboard; name = Base; path = Base.lproj/Main.storyboard; sourceTree = "<group>"; };
		1C24B0422768942D004CD9F5 /* Assets.xcassets */ = {isa = PBXFileReference; lastKnownFileType = folder.assetcatalog; path = Assets.xcassets; sourceTree = "<group>"; };
		1C24B0452768942D004CD9F5 /* Base */ = {isa = PBXFileReference; lastKnownFileType = file.storyboard; name = Base; path = Base.lproj/LaunchScreen.storyboard; sourceTree = "<group>"; };
		1C24B0472768942D004CD9F5 /* Info.plist */ = {isa = PBXFileReference; lastKnownFileType = text.plist.xml; path = Info.plist; sourceTree = "<group>"; };
		1C24B04C2768942D004CD9F5 /* BallTests.xctest */ = {isa = PBXFileReference; explicitFileType = wrapper.cfbundle; includeInIndex = 0; path = BallTests.xctest; sourceTree = BUILT_PRODUCTS_DIR; };
		1C24B0502768942D004CD9F5 /* BallTests.swift */ = {isa = PBXFileReference; lastKnownFileType = sourcecode.swift; path = BallTests.swift; sourceTree = "<group>"; };
		1C24B0562768942D004CD9F5 /* BallUITests.xctest */ = {isa = PBXFileReference; explicitFileType = wrapper.cfbundle; includeInIndex = 0; path = BallUITests.xctest; sourceTree = BUILT_PRODUCTS_DIR; };
		1C24B05A2768942D004CD9F5 /* BallUITests.swift */ = {isa = PBXFileReference; lastKnownFileType = sourcecode.swift; path = BallUITests.swift; sourceTree = "<group>"; };
		1C24B05C2768942D004CD9F5 /* BallUITestsLaunchTests.swift */ = {isa = PBXFileReference; lastKnownFileType = sourcecode.swift; path = BallUITestsLaunchTests.swift; sourceTree = "<group>"; };
		1C24B069276894BC004CD9F5 /* BallView.swift */ = {isa = PBXFileReference; lastKnownFileType = sourcecode.swift; path = BallView.swift; sourceTree = "<group>"; };
/* End PBXFileReference section */

/* Begin PBXFrameworksBuildPhase section */
		1C24B0332768942B004CD9F5 /* Frameworks */ = {
			isa = PBXFrameworksBuildPhase;
			buildActionMask = 2147483647;
			files = (
			);
			runOnlyForDeploymentPostprocessing = 0;
		};
		1C24B0492768942D004CD9F5 /* Frameworks */ = {
			isa = PBXFrameworksBuildPhase;
			buildActionMask = 2147483647;
			files = (
			);
			runOnlyForDeploymentPostprocessing = 0;
		};
		1C24B0532768942D004CD9F5 /* Frameworks */ = {
			isa = PBXFrameworksBuildPhase;
			buildActionMask = 2147483647;
			files = (
			);
			runOnlyForDeploymentPostprocessing = 0;
		};
/* End PBXFrameworksBuildPhase section */

/* Begin PBXGroup section */
		1C24B02D2768942B004CD9F5 = {
			isa = PBXGroup;
			children = (
				1C24B0382768942B004CD9F5 /* Ball */,
				1C24B04F2768942D004CD9F5 /* BallTests */,
				1C24B0592768942D004CD9F5 /* BallUITests */,
				1C24B0372768942B004CD9F5 /* Products */,
			);
			sourceTree = "<group>";
		};
		1C24B0372768942B004CD9F5 /* Products */ = {
			isa = PBXGroup;
			children = (
				1C24B0362768942B004CD9F5 /* Ball.app */,
				1C24B04C2768942D004CD9F5 /* BallTests.xctest */,
				1C24B0562768942D004CD9F5 /* BallUITests.xctest */,
			);
			name = Products;
			sourceTree = "<group>";
		};
		1C24B0382768942B004CD9F5 /* Ball */ = {
			isa = PBXGroup;
			children = (
				1C24B0392768942B004CD9F5 /* AppDelegate.swift */,
				1C24B03B2768942B004CD9F5 /* SceneDelegate.swift */,
				1C24B03D2768942B004CD9F5 /* ViewController.swift */,
				1C24B069276894BC004CD9F5 /* BallView.swift */,
				1C24B03F2768942B004CD9F5 /* Main.storyboard */,
				1C24B0422768942D004CD9F5 /* Assets.xcassets */,
				1C24B0442768942D004CD9F5 /* LaunchScreen.storyboard */,
				1C24B0472768942D004CD9F5 /* Info.plist */,
			);
			path = Ball;
			sourceTree = "<group>";
		};
		1C24B04F2768942D004CD9F5 /* BallTests */ = {
			isa = PBXGroup;
			children = (
				1C24B0502768942D004CD9F5 /* BallTests.swift */,
			);
			path = BallTests;
			sourceTree = "<group>";
		};
		1C24B0592768942D004CD9F5 /* BallUITests */ = {
			isa = PBXGroup;
			children = (
				1C24B05A2768942D004CD9F5 /* BallUITests.swift */,
				1C24B05C2768942D004CD9F5 /* BallUITestsLaunchTests.swift */,
			);
			path = BallUITests;
			sourceTree = "<group>";
		};
/* End PBXGroup section */

/* Begin PBXNativeTarget section */
		1C24B0352768942B004CD9F5 /* Ball */ = {
			isa = PBXNativeTarget;
			buildConfigurationList = 1C24B0602768942D004CD9F5 /* Build configuration list for PBXNativeTarget "Ball" */;
			buildPhases = (
				1C24B0322768942B004CD9F5 /* Sources */,
				1C24B0332768942B004CD9F5 /* Frameworks */,
				1C24B0342768942B004CD9F5 /* Resources */,
			);
			buildRules = (
			);
			dependencies = (
			);
			name = Ball;
			productName = Ball;
			productReference = 1C24B0362768942B004CD9F5 /* Ball.app */;
			productType = "com.apple.product-type.application";
		};
		1C24B04B2768942D004CD9F5 /* BallTests */ = {
			isa = PBXNativeTarget;
			buildConfigurationList = 1C24B0632768942D004CD9F5 /* Build configuration list for PBXNativeTarget "BallTests" */;
			buildPhases = (
				1C24B0482768942D004CD9F5 /* Sources */,
				1C24B0492768942D004CD9F5 /* Frameworks */,
				1C24B04A2768942D004CD9F5 /* Resources */,
			);
			buildRules = (
			);
			dependencies = (
				1C24B04E2768942D004CD9F5 /* PBXTargetDependency */,
			);
			name = BallTests;
			productName = BallTests;
			productReference = 1C24B04C2768942D004CD9F5 /* BallTests.xctest */;
			productType = "com.apple.product-type.bundle.unit-test";
		};
		1C24B0552768942D004CD9F5 /* BallUITests */ = {
			isa = PBXNativeTarget;
			buildConfigurationList = 1C24B0662768942D004CD9F5 /* Build configuration list for PBXNativeTarget "BallUITests" */;
			buildPhases = (
				1C24B0522768942D004CD9F5 /* Sources */,
				1C24B0532768942D004CD9F5 /* Frameworks */,
				1C24B0542768942D004CD9F5 /* Resources */,
			);
			buildRules = (
			);
			dependencies = (
				1C24B0582768942D004CD9F5 /* PBXTargetDependency */,
			);
			name = BallUITests;
			productName = BallUITests;
			productReference = 1C24B0562768942D004CD9F5 /* BallUITests.xctest */;
			productType = "com.apple.product-type.bundle.ui-testing";
		};
/* End PBXNativeTarget section */

/* Begin PBXProject section */
		1C24B02E2768942B004CD9F5 /* Project object */ = {
			isa = PBXProject;
			attributes = {
				BuildIndependentTargetsInParallel = 1;
				LastSwiftUpdateCheck = 1320;
				LastUpgradeCheck = 1320;
				TargetAttributes = {
					1C24B0352768942B004CD9F5 = {
						CreatedOnToolsVersion = 13.2;
					};
					1C24B04B2768942D004CD9F5 = {
						CreatedOnToolsVersion = 13.2;
						TestTargetID = 1C24B0352768942B004CD9F5;
					};
					1C24B0552768942D004CD9F5 = {
						CreatedOnToolsVersion = 13.2;
						TestTargetID = 1C24B0352768942B004CD9F5;
					};
				};
			};
			buildConfigurationList = 1C24B0312768942B004CD9F5 /* Build configuration list for PBXProject "Ball" */;
			compatibilityVersion = "Xcode 13.0";
			developmentRegion = en;
			hasScannedForEncodings = 0;
			knownRegions = (
				en,
				Base,
			);
			mainGroup = 1C24B02D2768942B004CD9F5;
			productRefGroup = 1C24B0372768942B004CD9F5 /* Products */;
			projectDirPath = "";
			projectRoot = "";
			targets = (
				1C24B0352768942B004CD9F5 /* Ball */,
				1C24B04B2768942D004CD9F5 /* BallTests */,
				1C24B0552768942D004CD9F5 /* BallUITests */,
			);
		};
/* End PBXProject section */

/* Begin PBXResourcesBuildPhase section */
		1C24B0342768942B004CD9F5 /* Resources */ = {
			isa = PBXResourcesBuildPhase;
			buildActionMask = 2147483647;
			files = (
				1C24B0462768942D004CD9F5 /* LaunchScreen.storyboard in Resources */,
				1C24B0432768942D004CD9F5 /* Assets.xcassets in Resources */,
				1C24B0412768942B004CD9F5 /* Main.storyboard in Resources */,
			);
			runOnlyForDeploymentPostprocessing = 0;
		};
		1C24B04A2768942D004CD9F5 /* Resources */ = {
			isa = PBXResourcesBuildPhase;
			buildActionMask = 2147483647;
			files = (
			);
			runOnlyForDeploymentPostprocessing = 0;
		};
		1C24B0542768942D004CD9F5 /* Resources */ = {
			isa = PBXResourcesBuildPhase;
			buildActionMask = 2147483647;
			files = (
			);
			runOnlyForDeploymentPostprocessing = 0;
		};
/* End PBXResourcesBuildPhase section */

/* Begin PBXSourcesBuildPhase section */
		1C24B0322768942B004CD9F5 /* Sources */ = {
			isa = PBXSourcesBuildPhase;
			buildActionMask = 2147483647;
			files = (
				1C24B03E2768942B004CD9F5 /* ViewController.swift in Sources */,
				1C24B03A2768942B004CD9F5 /* AppDelegate.swift in Sources */,
				1C24B03C2768942B004CD9F5 /* SceneDelegate.swift in Sources */,
				1C24B06A276894BC004CD9F5 /* BallView.swift in Sources */,
			);
			runOnlyForDeploymentPostprocessing = 0;
		};
		1C24B0482768942D004CD9F5 /* Sources */ = {
			isa = PBXSourcesBuildPhase;
			buildActionMask = 2147483647;
			files = (
				1C24B0512768942D004CD9F5 /* BallTests.swift in Sources */,
			);
			runOnlyForDeploymentPostprocessing = 0;
		};
		1C24B0522768942D004CD9F5 /* Sources */ = {
			isa = PBXSourcesBuildPhase;
			buildActionMask = 2147483647;
			files = (
				1C24B05B2768942D004CD9F5 /* BallUITests.swift in Sources */,
				1C24B05D2768942D004CD9F5 /* BallUITestsLaunchTests.swift in Sources */,
			);
			runOnlyForDeploymentPostprocessing = 0;
		};
/* End PBXSourcesBuildPhase section */

/* Begin PBXTargetDependency section */
		1C24B04E2768942D004CD9F5 /* PBXTargetDependency */ = {
			isa = PBXTargetDependency;
			target = 1C24B0352768942B004CD9F5 /* Ball */;
			targetProxy = 1C24B04D2768942D004CD9F5 /* PBXContainerItemProxy */;
		};
		1C24B0582768942D004CD9F5 /* PBXTargetDependency */ = {
			isa = PBXTargetDependency;
			target = 1C24B0352768942B004CD9F5 /* Ball */;
			targetProxy = 1C24B0572768942D004CD9F5 /* PBXContainerItemProxy */;
		};
/* End PBXTargetDependency section */

/* Begin PBXVariantGroup section */
		1C24B03F2768942B004CD9F5 /* Main.storyboard */ = {
			isa = PBXVariantGroup;
			children = (
				1C24B0402768942B004CD9F5 /* Base */,
			);
			name = Main.storyboard;
			sourceTree = "<group>";
		};
		1C24B0442768942D004CD9F5 /* LaunchScreen.storyboard */ = {
			isa = PBXVariantGroup;
			children = (
				1C24B0452768942D004CD9F5 /* Base */,
			);
			name = LaunchScreen.storyboard;
			sourceTree = "<group>";
		};
/* End PBXVariantGroup section */

/* Begin XCBuildConfiguration section */
		1C24B05E2768942D004CD9F5 /* Debug */ = {
			isa = XCBuildConfiguration;
			buildSettings = {
				ALWAYS_SEARCH_USER_PATHS = NO;
				CLANG_ANALYZER_NONNULL = YES;
				CLANG_ANALYZER_NUMBER_OBJECT_CONVERSION = YES_AGGRESSIVE;
				CLANG_CXX_LANGUAGE_STANDARD = "gnu++17";
				CLANG_CXX_LIBRARY = "libc++";
				CLANG_ENABLE_MODULES = YES;
				CLANG_ENABLE_OBJC_ARC = YES;
				CLANG_ENABLE_OBJC_WEAK = YES;
				CLANG_WARN_BLOCK_CAPTURE_AUTORELEASING = YES;
				CLANG_WARN_BOOL_CONVERSION = YES;
				CLANG_WARN_COMMA = YES;
				CLANG_WARN_CONSTANT_CONVERSION = YES;
				CLANG_WARN_DEPRECATED_OBJC_IMPLEMENTATIONS = YES;
				CLANG_WARN_DIRECT_OBJC_ISA_USAGE = YES_ERROR;
				CLANG_WARN_DOCUMENTATION_COMMENTS = YES;
				CLANG_WARN_EMPTY_BODY = YES;
				CLANG_WARN_ENUM_CONVERSION = YES;
				CLANG_WARN_INFINITE_RECURSION = YES;
				CLANG_WARN_INT_CONVERSION = YES;
				CLANG_WARN_NON_LITERAL_NULL_CONVERSION = YES;
				CLANG_WARN_OBJC_IMPLICIT_RETAIN_SELF = YES;
				CLANG_WARN_OBJC_LITERAL_CONVERSION = YES;
				CLANG_WARN_OBJC_ROOT_CLASS = YES_ERROR;
				CLANG_WARN_QUOTED_INCLUDE_IN_FRAMEWORK_HEADER = YES;
				CLANG_WARN_RANGE_LOOP_ANALYSIS = YES;
				CLANG_WARN_STRICT_PROTOTYPES = YES;
				CLANG_WARN_SUSPICIOUS_MOVE = YES;
				CLANG_WARN_UNGUARDED_AVAILABILITY = YES_AGGRESSIVE;
				CLANG_WARN_UNREACHABLE_CODE = YES;
				CLANG_WARN__DUPLICATE_METHOD_MATCH = YES;
				COPY_PHASE_STRIP = NO;
				DEBUG_INFORMATION_FORMAT = dwarf;
				ENABLE_STRICT_OBJC_MSGSEND = YES;
				ENABLE_TESTABILITY = YES;
				GCC_C_LANGUAGE_STANDARD = gnu11;
				GCC_DYNAMIC_NO_PIC = NO;
				GCC_NO_COMMON_BLOCKS = YES;
				GCC_OPTIMIZATION_LEVEL = 0;
				GCC_PREPROCESSOR_DEFINITIONS = (
					"DEBUG=1",
					"$(inherited)",
				);
				GCC_WARN_64_TO_32_BIT_CONVERSION = YES;
				GCC_WARN_ABOUT_RETURN_TYPE = YES_ERROR;
				GCC_WARN_UNDECLARED_SELECTOR = YES;
				GCC_WARN_UNINITIALIZED_AUTOS = YES_AGGRESSIVE;
				GCC_WARN_UNUSED_FUNCTION = YES;
				GCC_WARN_UNUSED_VARIABLE = YES;
				IPHONEOS_DEPLOYMENT_TARGET = 15.2;
				MTL_ENABLE_DEBUG_INFO = INCLUDE_SOURCE;
				MTL_FAST_MATH = YES;
				ONLY_ACTIVE_ARCH = YES;
				SDKROOT = iphoneos;
				SWIFT_ACTIVE_COMPILATION_CONDITIONS = DEBUG;
				SWIFT_OPTIMIZATION_LEVEL = "-Onone";
			};
			name = Debug;
		};
		1C24B05F2768942D004CD9F5 /* Release */ = {
			isa = XCBuildConfiguration;
			buildSettings = {
				ALWAYS_SEARCH_USER_PATHS = NO;
				CLANG_ANALYZER_NONNULL = YES;
				CLANG_ANALYZER_NUMBER_OBJECT_CONVERSION = YES_AGGRESSIVE;
				CLANG_CXX_LANGUAGE_STANDARD = "gnu++17";
				CLANG_CXX_LIBRARY = "libc++";
				CLANG_ENABLE_MODULES = YES;
				CLANG_ENABLE_OBJC_ARC = YES;
				CLANG_ENABLE_OBJC_WEAK = YES;
				CLANG_WARN_BLOCK_CAPTURE_AUTORELEASING = YES;
				CLANG_WARN_BOOL_CONVERSION = YES;
				CLANG_WARN_COMMA = YES;
				CLANG_WARN_CONSTANT_CONVERSION = YES;
				CLANG_WARN_DEPRECATED_OBJC_IMPLEMENTATIONS = YES;
				CLANG_WARN_DIRECT_OBJC_ISA_USAGE = YES_ERROR;
				CLANG_WARN_DOCUMENTATION_COMMENTS = YES;
				CLANG_WARN_EMPTY_BODY = YES;
				CLANG_WARN_ENUM_CONVERSION = YES;
				CLANG_WARN_INFINITE_RECURSION = YES;
				CLANG_WARN_INT_CONVERSION = YES;
				CLANG_WARN_NON_LITERAL_NULL_CONVERSION = YES;
				CLANG_WARN_OBJC_IMPLICIT_RETAIN_SELF = YES;
				CLANG_WARN_OBJC_LITERAL_CONVERSION = YES;
				CLANG_WARN_OBJC_ROOT_CLASS = YES_ERROR;
				CLANG_WARN_QUOTED_INCLUDE_IN_FRAMEWORK_HEADER = YES;
				CLANG_WARN_RANGE_LOOP_ANALYSIS = YES;
				CLANG_WARN_STRICT_PROTOTYPES = YES;
				CLANG_WARN_SUSPICIOUS_MOVE = YES;
				CLANG_WARN_UNGUARDED_AVAILABILITY = YES_AGGRESSIVE;
				CLANG_WARN_UNREACHABLE_CODE = YES;
				CLANG_WARN__DUPLICATE_METHOD_MATCH = YES;
				COPY_PHASE_STRIP = NO;
				DEBUG_INFORMATION_FORMAT = "dwarf-with-dsym";
				ENABLE_NS_ASSERTIONS = NO;
				ENABLE_STRICT_OBJC_MSGSEND = YES;
				GCC_C_LANGUAGE_STANDARD = gnu11;
				GCC_NO_COMMON_BLOCKS = YES;
				GCC_WARN_64_TO_32_BIT_CONVERSION = YES;
				GCC_WARN_ABOUT_RETURN_TYPE = YES_ERROR;
				GCC_WARN_UNDECLARED_SELECTOR = YES;
				GCC_WARN_UNINITIALIZED_AUTOS = YES_AGGRESSIVE;
				GCC_WARN_UNUSED_FUNCTION = YES;
				GCC_WARN_UNUSED_VARIABLE = YES;
				IPHONEOS_DEPLOYMENT_TARGET = 15.2;
				MTL_ENABLE_DEBUG_INFO = NO;
				MTL_FAST_MATH = YES;
				SDKROOT = iphoneos;
				SWIFT_COMPILATION_MODE = wholemodule;
				SWIFT_OPTIMIZATION_LEVEL = "-O";
				VALIDATE_PRODUCT = YES;
			};
			name = Release;
		};
		1C24B0612768942D004CD9F5 /* Debug */ = {
			isa = XCBuildConfiguration;
			buildSettings = {
				ASSETCATALOG_COMPILER_APPICON_NAME = AppIcon;
				ASSETCATALOG_COMPILER_GLOBAL_ACCENT_COLOR_NAME = AccentColor;
				CODE_SIGN_IDENTITY = "Apple Development";
				CODE_SIGN_STYLE = Automatic;
				CURRENT_PROJECT_VERSION = 1;
				DEVELOPMENT_TEAM = A7V2TPBL24;
				GENERATE_INFOPLIST_FILE = YES;
				INFOPLIST_FILE = Ball/Info.plist;
				INFOPLIST_KEY_UIApplicationSupportsIndirectInputEvents = YES;
				INFOPLIST_KEY_UILaunchStoryboardName = LaunchScreen;
				INFOPLIST_KEY_UIMainStoryboardFile = Main;
				INFOPLIST_KEY_UISupportedInterfaceOrientations = UIInterfaceOrientationPortrait;
				INFOPLIST_KEY_UISupportedInterfaceOrientations_iPad = "UIInterfaceOrientationPortrait UIInterfaceOrientationPortraitUpsideDown UIInterfaceOrientationLandscapeLeft UIInterfaceOrientationLandscapeRight";
				INFOPLIST_KEY_UISupportedInterfaceOrientations_iPhone = "UIInterfaceOrientationPortrait UIInterfaceOrientationLandscapeLeft UIInterfaceOrientationLandscapeRight";
				LD_RUNPATH_SEARCH_PATHS = (
					"$(inherited)",
					"@executable_path/Frameworks",
				);
				MARKETING_VERSION = 1.0;
				PRODUCT_BUNDLE_IDENTIFIER = by.sakratar.Ball;
				PRODUCT_NAME = "$(TARGET_NAME)";
				PROVISIONING_PROFILE_SPECIFIER = "";
				SWIFT_EMIT_LOC_STRINGS = YES;
				SWIFT_VERSION = 5.0;
				TARGETED_DEVICE_FAMILY = 1;
			};
			name = Debug;
		};
		1C24B0622768942D004CD9F5 /* Release */ = {
			isa = XCBuildConfiguration;
			buildSettings = {
				ASSETCATALOG_COMPILER_APPICON_NAME = AppIcon;
				ASSETCATALOG_COMPILER_GLOBAL_ACCENT_COLOR_NAME = AccentColor;
				CODE_SIGN_IDENTITY = "Apple Development";
				CODE_SIGN_STYLE = Automatic;
				CURRENT_PROJECT_VERSION = 1;
				DEVELOPMENT_TEAM = A7V2TPBL24;
				GENERATE_INFOPLIST_FILE = YES;
				INFOPLIST_FILE = Ball/Info.plist;
				INFOPLIST_KEY_UIApplicationSupportsIndirectInputEvents = YES;
				INFOPLIST_KEY_UILaunchStoryboardName = LaunchScreen;
				INFOPLIST_KEY_UIMainStoryboardFile = Main;
				INFOPLIST_KEY_UISupportedInterfaceOrientations = UIInterfaceOrientationPortrait;
				INFOPLIST_KEY_UISupportedInterfaceOrientations_iPad = "UIInterfaceOrientationPortrait UIInterfaceOrientationPortraitUpsideDown UIInterfaceOrientationLandscapeLeft UIInterfaceOrientationLandscapeRight";
				INFOPLIST_KEY_UISupportedInterfaceOrientations_iPhone = "UIInterfaceOrientationPortrait UIInterfaceOrientationLandscapeLeft UIInterfaceOrientationLandscapeRight";
				LD_RUNPATH_SEARCH_PATHS = (
					"$(inherited)",
					"@executable_path/Frameworks",
				);
				MARKETING_VERSION = 1.0;
				PRODUCT_BUNDLE_IDENTIFIER = by.sakratar.Ball;
				PRODUCT_NAME = "$(TARGET_NAME)";
				PROVISIONING_PROFILE_SPECIFIER = "";
				SWIFT_EMIT_LOC_STRINGS = YES;
				SWIFT_VERSION = 5.0;
				TARGETED_DEVICE_FAMILY = 1;
			};
			name = Release;
		};
		1C24B0642768942D004CD9F5 /* Debug */ = {
			isa = XCBuildConfiguration;
			buildSettings = {
				ALWAYS_EMBED_SWIFT_STANDARD_LIBRARIES = YES;
				BUNDLE_LOADER = "$(TEST_HOST)";
				CODE_SIGN_STYLE = Automatic;
				CURRENT_PROJECT_VERSION = 1;
				DEVELOPMENT_TEAM = A7V2TPBL24;
				GENERATE_INFOPLIST_FILE = YES;
				IPHONEOS_DEPLOYMENT_TARGET = 15.2;
				MARKETING_VERSION = 1.0;
				PRODUCT_BUNDLE_IDENTIFIER = by.sakratar.BallTests;
				PRODUCT_NAME = "$(TARGET_NAME)";
				SWIFT_EMIT_LOC_STRINGS = NO;
				SWIFT_VERSION = 5.0;
				TARGETED_DEVICE_FAMILY = "1,2";
				TEST_HOST = "$(BUILT_PRODUCTS_DIR)/Ball.app/Ball";
			};
			name = Debug;
		};
		1C24B0652768942D004CD9F5 /* Release */ = {
			isa = XCBuildConfiguration;
			buildSettings = {
				ALWAYS_EMBED_SWIFT_STANDARD_LIBRARIES = YES;
				BUNDLE_LOADER = "$(TEST_HOST)";
				CODE_SIGN_STYLE = Automatic;
				CURRENT_PROJECT_VERSION = 1;
				DEVELOPMENT_TEAM = A7V2TPBL24;
				GENERATE_INFOPLIST_FILE = YES;
				IPHONEOS_DEPLOYMENT_TARGET = 15.2;
				MARKETING_VERSION = 1.0;
				PRODUCT_BUNDLE_IDENTIFIER = by.sakratar.BallTests;
				PRODUCT_NAME = "$(TARGET_NAME)";
				SWIFT_EMIT_LOC_STRINGS = NO;
				SWIFT_VERSION = 5.0;
				TARGETED_DEVICE_FAMILY = "1,2";
				TEST_HOST = "$(BUILT_PRODUCTS_DIR)/Ball.app/Ball";
			};
			name = Release;
		};
		1C24B0672768942D004CD9F5 /* Debug */ = {
			isa = XCBuildConfiguration;
			buildSettings = {
				ALWAYS_EMBED_SWIFT_STANDARD_LIBRARIES = YES;
				CODE_SIGN_STYLE = Automatic;
				CURRENT_PROJECT_VERSION = 1;
				DEVELOPMENT_TEAM = A7V2TPBL24;
				GENERATE_INFOPLIST_FILE = YES;
				MARKETING_VERSION = 1.0;
				PRODUCT_BUNDLE_IDENTIFIER = by.sakratar.BallUITests;
				PRODUCT_NAME = "$(TARGET_NAME)";
				SWIFT_EMIT_LOC_STRINGS = NO;
				SWIFT_VERSION = 5.0;
				TARGETED_DEVICE_FAMILY = "1,2";
				TEST_TARGET_NAME = Ball;
			};
			name = Debug;
		};
		1C24B0682768942D004CD9F5 /* Release */ = {
			isa = XCBuildConfiguration;
			buildSettings = {
				ALWAYS_EMBED_SWIFT_STANDARD_LIBRARIES = YES;
				CODE_SIGN_STYLE = Automatic;
				CURRENT_PROJECT_VERSION = 1;
				DEVELOPMENT_TEAM = A7V2TPBL24;
				GENERATE_INFOPLIST_FILE = YES;
				MARKETING_VERSION = 1.0;
				PRODUCT_BUNDLE_IDENTIFIER = by.sakratar.BallUITests;
				PRODUCT_NAME = "$(TARGET_NAME)";
				SWIFT_EMIT_LOC_STRINGS = NO;
				SWIFT_VERSION = 5.0;
				TARGETED_DEVICE_FAMILY = "1,2";
				TEST_TARGET_NAME = Ball;
			};
			name = Release;
		};
/* End XCBuildConfiguration section */

/* Begin XCConfigurationList section */
		1C24B0312768942B004CD9F5 /* Build configuration list for PBXProject "Ball" */ = {
			isa = XCConfigurationList;
			buildConfigurations = (
				1C24B05E2768942D004CD9F5 /* Debug */,
				1C24B05F2768942D004CD9F5 /* Release */,
			);
			defaultConfigurationIsVisible = 0;
			defaultConfigurationName = Release;
		};
		1C24B0602768942D004CD9F5 /* Build configuration list for PBXNativeTarget "Ball" */ = {
			isa = XCConfigurationList;
			buildConfigurations = (
				1C24B0612768942D004CD9F5 /* Debug */,
				1C24B0622768942D004CD9F5 /* Release */,
			);
			defaultConfigurationIsVisible = 0;
			defaultConfigurationName = Release;
		};
		1C24B0632768942D004CD9F5 /* Build configuration list for PBXNativeTarget "BallTests" */ = {
			isa = XCConfigurationList;
			buildConfigurations = (
				1C24B0642768942D004CD9F5 /* Debug */,
				1C24B0652768942D004CD9F5 /* Release */,
			);
			defaultConfigurationIsVisible = 0;
			defaultConfigurationName = Release;
		};
		1C24B0662768942D004CD9F5 /* Build configuration list for PBXNativeTarget "BallUITests" */ = {
			isa = XCConfigurationList;
			buildConfigurations = (
				1C24B0672768942D004CD9F5 /* Debug */,
				1C24B0682768942D004CD9F5 /* Release */,
			);
			defaultConfigurationIsVisible = 0;
			defaultConfigurationName = Release;
		};
/* End XCConfigurationList section */
	};
	rootObject = 1C24B02E2768942B004CD9F5 /* Project object */;
}
