// !$*UTF8*$!
{
	archiveVersion = 1;
	classes = {
	};
	objectVersion = 50;
	objects = {

/* Begin PBXBuildFile section */
		1CCBE96D25B8695B00EB7619 /* TinyPixDocument.swift in Sources */ = {isa = PBXBuildFile; fileRef = 1CCBE96C25B8695B00EB7619 /* TinyPixDocument.swift */; };
		1CCBE97025B8882800EB7619 /* TinyPixUtils.swift in Sources */ = {isa = PBXBuildFile; fileRef = 1CCBE96F25B8882800EB7619 /* TinyPixUtils.swift */; };
		1CCBE97525B8B04900EB7619 /* TinyPixView.swift in Sources */ = {isa = PBXBuildFile; fileRef = 1CCBE97425B8B04900EB7619 /* TinyPixView.swift */; };
		1CFEC3D825B8685900204C8E /* AppDelegate.swift in Sources */ = {isa = PBXBuildFile; fileRef = 1CFEC3D725B8685900204C8E /* AppDelegate.swift */; };
		1CFEC3DB25B8685900204C8E /* TinyPix.xcdatamodeld in Sources */ = {isa = PBXBuildFile; fileRef = 1CFEC3D925B8685900204C8E /* TinyPix.xcdatamodeld */; };
		1CFEC3DD25B8685900204C8E /* SceneDelegate.swift in Sources */ = {isa = PBXBuildFile; fileRef = 1CFEC3DC25B8685900204C8E /* SceneDelegate.swift */; };
		1CFEC3DF25B8685900204C8E /* MasterViewController.swift in Sources */ = {isa = PBXBuildFile; fileRef = 1CFEC3DE25B8685900204C8E /* MasterViewController.swift */; };
		1CFEC3E125B8685900204C8E /* DetailViewController.swift in Sources */ = {isa = PBXBuildFile; fileRef = 1CFEC3E025B8685900204C8E /* DetailViewController.swift */; };
		1CFEC3E425B8685900204C8E /* Main.storyboard in Resources */ = {isa = PBXBuildFile; fileRef = 1CFEC3E225B8685900204C8E /* Main.storyboard */; };
		1CFEC3E625B8685B00204C8E /* Assets.xcassets in Resources */ = {isa = PBXBuildFile; fileRef = 1CFEC3E525B8685B00204C8E /* Assets.xcassets */; };
		1CFEC3E925B8685B00204C8E /* LaunchScreen.storyboard in Resources */ = {isa = PBXBuildFile; fileRef = 1CFEC3E725B8685B00204C8E /* LaunchScreen.storyboard */; };
/* End PBXBuildFile section */

/* Begin PBXFileReference section */
		1CCBE96C25B8695B00EB7619 /* TinyPixDocument.swift */ = {isa = PBXFileReference; lastKnownFileType = sourcecode.swift; path = TinyPixDocument.swift; sourceTree = "<group>"; };
		1CCBE96F25B8882800EB7619 /* TinyPixUtils.swift */ = {isa = PBXFileReference; lastKnownFileType = sourcecode.swift; path = TinyPixUtils.swift; sourceTree = "<group>"; };
		1CCBE97425B8B04900EB7619 /* TinyPixView.swift */ = {isa = PBXFileReference; lastKnownFileType = sourcecode.swift; path = TinyPixView.swift; sourceTree = "<group>"; };
		1CFEC3D425B8685900204C8E /* TinyPix.app */ = {isa = PBXFileReference; explicitFileType = wrapper.application; includeInIndex = 0; path = TinyPix.app; sourceTree = BUILT_PRODUCTS_DIR; };
		1CFEC3D725B8685900204C8E /* AppDelegate.swift */ = {isa = PBXFileReference; lastKnownFileType = sourcecode.swift; path = AppDelegate.swift; sourceTree = "<group>"; };
		1CFEC3DA25B8685900204C8E /* TinyPix.xcdatamodel */ = {isa = PBXFileReference; lastKnownFileType = wrapper.xcdatamodel; path = TinyPix.xcdatamodel; sourceTree = "<group>"; };
		1CFEC3DC25B8685900204C8E /* SceneDelegate.swift */ = {isa = PBXFileReference; lastKnownFileType = sourcecode.swift; path = SceneDelegate.swift; sourceTree = "<group>"; };
		1CFEC3DE25B8685900204C8E /* MasterViewController.swift */ = {isa = PBXFileReference; lastKnownFileType = sourcecode.swift; path = MasterViewController.swift; sourceTree = "<group>"; };
		1CFEC3E025B8685900204C8E /* DetailViewController.swift */ = {isa = PBXFileReference; lastKnownFileType = sourcecode.swift; path = DetailViewController.swift; sourceTree = "<group>"; };
		1CFEC3E325B8685900204C8E /* Base */ = {isa = PBXFileReference; lastKnownFileType = file.storyboard; name = Base; path = Base.lproj/Main.storyboard; sourceTree = "<group>"; };
		1CFEC3E525B8685B00204C8E /* Assets.xcassets */ = {isa = PBXFileReference; lastKnownFileType = folder.assetcatalog; path = Assets.xcassets; sourceTree = "<group>"; };
		1CFEC3E825B8685B00204C8E /* Base */ = {isa = PBXFileReference; lastKnownFileType = file.storyboard; name = Base; path = Base.lproj/LaunchScreen.storyboard; sourceTree = "<group>"; };
		1CFEC3EA25B8685B00204C8E /* Info.plist */ = {isa = PBXFileReference; lastKnownFileType = text.plist.xml; path = Info.plist; sourceTree = "<group>"; };
/* End PBXFileReference section */

/* Begin PBXFrameworksBuildPhase section */
		1CFEC3D125B8685900204C8E /* Frameworks */ = {
			isa = PBXFrameworksBuildPhase;
			buildActionMask = 2147483647;
			files = (
			);
			runOnlyForDeploymentPostprocessing = 0;
		};
/* End PBXFrameworksBuildPhase section */

/* Begin PBXGroup section */
		1CFEC3CB25B8685900204C8E = {
			isa = PBXGroup;
			children = (
				1CFEC3D625B8685900204C8E /* TinyPix */,
				1CFEC3D525B8685900204C8E /* Products */,
			);
			sourceTree = "<group>";
		};
		1CFEC3D525B8685900204C8E /* Products */ = {
			isa = PBXGroup;
			children = (
				1CFEC3D425B8685900204C8E /* TinyPix.app */,
			);
			name = Products;
			sourceTree = "<group>";
		};
		1CFEC3D625B8685900204C8E /* TinyPix */ = {
			isa = PBXGroup;
			children = (
				1CFEC3D725B8685900204C8E /* AppDelegate.swift */,
				1CFEC3DC25B8685900204C8E /* SceneDelegate.swift */,
				1CFEC3DE25B8685900204C8E /* MasterViewController.swift */,
				1CFEC3E025B8685900204C8E /* DetailViewController.swift */,
				1CCBE96C25B8695B00EB7619 /* TinyPixDocument.swift */,
				1CCBE96F25B8882800EB7619 /* TinyPixUtils.swift */,
				1CCBE97425B8B04900EB7619 /* TinyPixView.swift */,
				1CFEC3E225B8685900204C8E /* Main.storyboard */,
				1CFEC3E525B8685B00204C8E /* Assets.xcassets */,
				1CFEC3E725B8685B00204C8E /* LaunchScreen.storyboard */,
				1CFEC3EA25B8685B00204C8E /* Info.plist */,
				1CFEC3D925B8685900204C8E /* TinyPix.xcdatamodeld */,
			);
			path = TinyPix;
			sourceTree = "<group>";
		};
/* End PBXGroup section */

/* Begin PBXNativeTarget section */
		1CFEC3D325B8685900204C8E /* TinyPix */ = {
			isa = PBXNativeTarget;
			buildConfigurationList = 1CFEC3ED25B8685B00204C8E /* Build configuration list for PBXNativeTarget "TinyPix" */;
			buildPhases = (
				1CFEC3D025B8685900204C8E /* Sources */,
				1CFEC3D125B8685900204C8E /* Frameworks */,
				1CFEC3D225B8685900204C8E /* Resources */,
			);
			buildRules = (
			);
			dependencies = (
			);
			name = TinyPix;
			productName = TinyPix;
			productReference = 1CFEC3D425B8685900204C8E /* TinyPix.app */;
			productType = "com.apple.product-type.application";
		};
/* End PBXNativeTarget section */

/* Begin PBXProject section */
		1CFEC3CC25B8685900204C8E /* Project object */ = {
			isa = PBXProject;
			attributes = {
				LastSwiftUpdateCheck = 1170;
				LastUpgradeCheck = 1170;
				ORGANIZATIONNAME = "Artsiom Sakratar";
				TargetAttributes = {
					1CFEC3D325B8685900204C8E = {
						CreatedOnToolsVersion = 11.7;
					};
				};
			};
			buildConfigurationList = 1CFEC3CF25B8685900204C8E /* Build configuration list for PBXProject "TinyPix" */;
			compatibilityVersion = "Xcode 9.3";
			developmentRegion = en;
			hasScannedForEncodings = 0;
			knownRegions = (
				en,
				Base,
			);
			mainGroup = 1CFEC3CB25B8685900204C8E;
			productRefGroup = 1CFEC3D525B8685900204C8E /* Products */;
			projectDirPath = "";
			projectRoot = "";
			targets = (
				1CFEC3D325B8685900204C8E /* TinyPix */,
			);
		};
/* End PBXProject section */

/* Begin PBXResourcesBuildPhase section */
		1CFEC3D225B8685900204C8E /* Resources */ = {
			isa = PBXResourcesBuildPhase;
			buildActionMask = 2147483647;
			files = (
				1CFEC3E925B8685B00204C8E /* LaunchScreen.storyboard in Resources */,
				1CFEC3E625B8685B00204C8E /* Assets.xcassets in Resources */,
				1CFEC3E425B8685900204C8E /* Main.storyboard in Resources */,
			);
			runOnlyForDeploymentPostprocessing = 0;
		};
/* End PBXResourcesBuildPhase section */

/* Begin PBXSourcesBuildPhase section */
		1CFEC3D025B8685900204C8E /* Sources */ = {
			isa = PBXSourcesBuildPhase;
			buildActionMask = 2147483647;
			files = (
				1CFEC3DF25B8685900204C8E /* MasterViewController.swift in Sources */,
				1CFEC3D825B8685900204C8E /* AppDelegate.swift in Sources */,
				1CCBE96D25B8695B00EB7619 /* TinyPixDocument.swift in Sources */,
				1CFEC3E125B8685900204C8E /* DetailViewController.swift in Sources */,
				1CCBE97525B8B04900EB7619 /* TinyPixView.swift in Sources */,
				1CCBE97025B8882800EB7619 /* TinyPixUtils.swift in Sources */,
				1CFEC3DB25B8685900204C8E /* TinyPix.xcdatamodeld in Sources */,
				1CFEC3DD25B8685900204C8E /* SceneDelegate.swift in Sources */,
			);
			runOnlyForDeploymentPostprocessing = 0;
		};
/* End PBXSourcesBuildPhase section */

/* Begin PBXVariantGroup section */
		1CFEC3E225B8685900204C8E /* Main.storyboard */ = {
			isa = PBXVariantGroup;
			children = (
				1CFEC3E325B8685900204C8E /* Base */,
			);
			name = Main.storyboard;
			sourceTree = "<group>";
		};
		1CFEC3E725B8685B00204C8E /* LaunchScreen.storyboard */ = {
			isa = PBXVariantGroup;
			children = (
				1CFEC3E825B8685B00204C8E /* Base */,
			);
			name = LaunchScreen.storyboard;
			sourceTree = "<group>";
		};
/* End PBXVariantGroup section */

/* Begin XCBuildConfiguration section */
		1CFEC3EB25B8685B00204C8E /* Debug */ = {
			isa = XCBuildConfiguration;
			buildSettings = {
				ALWAYS_SEARCH_USER_PATHS = NO;
				CLANG_ANALYZER_NONNULL = YES;
				CLANG_ANALYZER_NUMBER_OBJECT_CONVERSION = YES_AGGRESSIVE;
				CLANG_CXX_LANGUAGE_STANDARD = "gnu++14";
				CLANG_CXX_LIBRARY = "libc++";
				CLANG_ENABLE_MODULES = YES;
				CLANG_ENABLE_OBJC_ARC = YES;
				CLANG_ENABLE_OBJC_WEAK = YES;
				CLANG_WARN_BLOCK_CAPTURE_AUTORELEASING = YES;
				CLANG_WARN_BOOL_CONVERSION = YES;
				CLANG_WARN_COMMA = YES;
				CLANG_WARN_CONSTANT_CONVERSION = YES;
				CLANG_WARN_DEPRECATED_OBJC_IMPLEMENTATIONS = YES;
				CLANG_WARN_DIRECT_OBJC_ISA_USAGE = YES_ERROR;
				CLANG_WARN_DOCUMENTATION_COMMENTS = YES;
				CLANG_WARN_EMPTY_BODY = YES;
				CLANG_WARN_ENUM_CONVERSION = YES;
				CLANG_WARN_INFINITE_RECURSION = YES;
				CLANG_WARN_INT_CONVERSION = YES;
				CLANG_WARN_NON_LITERAL_NULL_CONVERSION = YES;
				CLANG_WARN_OBJC_IMPLICIT_RETAIN_SELF = YES;
				CLANG_WARN_OBJC_LITERAL_CONVERSION = YES;
				CLANG_WARN_OBJC_ROOT_CLASS = YES_ERROR;
				CLANG_WARN_RANGE_LOOP_ANALYSIS = YES;
				CLANG_WARN_STRICT_PROTOTYPES = YES;
				CLANG_WARN_SUSPICIOUS_MOVE = YES;
				CLANG_WARN_UNGUARDED_AVAILABILITY = YES_AGGRESSIVE;
				CLANG_WARN_UNREACHABLE_CODE = YES;
				CLANG_WARN__DUPLICATE_METHOD_MATCH = YES;
				COPY_PHASE_STRIP = NO;
				DEBUG_INFORMATION_FORMAT = dwarf;
				ENABLE_STRICT_OBJC_MSGSEND = YES;
				ENABLE_TESTABILITY = YES;
				GCC_C_LANGUAGE_STANDARD = gnu11;
				GCC_DYNAMIC_NO_PIC = NO;
				GCC_NO_COMMON_BLOCKS = YES;
				GCC_OPTIMIZATION_LEVEL = 0;
				GCC_PREPROCESSOR_DEFINITIONS = (
					"DEBUG=1",
					"$(inherited)",
				);
				GCC_WARN_64_TO_32_BIT_CONVERSION = YES;
				GCC_WARN_ABOUT_RETURN_TYPE = YES_ERROR;
				GCC_WARN_UNDECLARED_SELECTOR = YES;
				GCC_WARN_UNINITIALIZED_AUTOS = YES_AGGRESSIVE;
				GCC_WARN_UNUSED_FUNCTION = YES;
				GCC_WARN_UNUSED_VARIABLE = YES;
				IPHONEOS_DEPLOYMENT_TARGET = 13.7;
				MTL_ENABLE_DEBUG_INFO = INCLUDE_SOURCE;
				MTL_FAST_MATH = YES;
				ONLY_ACTIVE_ARCH = YES;
				SDKROOT = iphoneos;
				SWIFT_ACTIVE_COMPILATION_CONDITIONS = DEBUG;
				SWIFT_OPTIMIZATION_LEVEL = "-Onone";
			};
			name = Debug;
		};
		1CFEC3EC25B8685B00204C8E /* Release */ = {
			isa = XCBuildConfiguration;
			buildSettings = {
				ALWAYS_SEARCH_USER_PATHS = NO;
				CLANG_ANALYZER_NONNULL = YES;
				CLANG_ANALYZER_NUMBER_OBJECT_CONVERSION = YES_AGGRESSIVE;
				CLANG_CXX_LANGUAGE_STANDARD = "gnu++14";
				CLANG_CXX_LIBRARY = "libc++";
				CLANG_ENABLE_MODULES = YES;
				CLANG_ENABLE_OBJC_ARC = YES;
				CLANG_ENABLE_OBJC_WEAK = YES;
				CLANG_WARN_BLOCK_CAPTURE_AUTORELEASING = YES;
				CLANG_WARN_BOOL_CONVERSION = YES;
				CLANG_WARN_COMMA = YES;
				CLANG_WARN_CONSTANT_CONVERSION = YES;
				CLANG_WARN_DEPRECATED_OBJC_IMPLEMENTATIONS = YES;
				CLANG_WARN_DIRECT_OBJC_ISA_USAGE = YES_ERROR;
				CLANG_WARN_DOCUMENTATION_COMMENTS = YES;
				CLANG_WARN_EMPTY_BODY = YES;
				CLANG_WARN_ENUM_CONVERSION = YES;
				CLANG_WARN_INFINITE_RECURSION = YES;
				CLANG_WARN_INT_CONVERSION = YES;
				CLANG_WARN_NON_LITERAL_NULL_CONVERSION = YES;
				CLANG_WARN_OBJC_IMPLICIT_RETAIN_SELF = YES;
				CLANG_WARN_OBJC_LITERAL_CONVERSION = YES;
				CLANG_WARN_OBJC_ROOT_CLASS = YES_ERROR;
				CLANG_WARN_RANGE_LOOP_ANALYSIS = YES;
				CLANG_WARN_STRICT_PROTOTYPES = YES;
				CLANG_WARN_SUSPICIOUS_MOVE = YES;
				CLANG_WARN_UNGUARDED_AVAILABILITY = YES_AGGRESSIVE;
				CLANG_WARN_UNREACHABLE_CODE = YES;
				CLANG_WARN__DUPLICATE_METHOD_MATCH = YES;
				COPY_PHASE_STRIP = NO;
				DEBUG_INFORMATION_FORMAT = "dwarf-with-dsym";
				ENABLE_NS_ASSERTIONS = NO;
				ENABLE_STRICT_OBJC_MSGSEND = YES;
				GCC_C_LANGUAGE_STANDARD = gnu11;
				GCC_NO_COMMON_BLOCKS = YES;
				GCC_WARN_64_TO_32_BIT_CONVERSION = YES;
				GCC_WARN_ABOUT_RETURN_TYPE = YES_ERROR;
				GCC_WARN_UNDECLARED_SELECTOR = YES;
				GCC_WARN_UNINITIALIZED_AUTOS = YES_AGGRESSIVE;
				GCC_WARN_UNUSED_FUNCTION = YES;
				GCC_WARN_UNUSED_VARIABLE = YES;
				IPHONEOS_DEPLOYMENT_TARGET = 13.7;
				MTL_ENABLE_DEBUG_INFO = NO;
				MTL_FAST_MATH = YES;
				SDKROOT = iphoneos;
				SWIFT_COMPILATION_MODE = wholemodule;
				SWIFT_OPTIMIZATION_LEVEL = "-O";
				VALIDATE_PRODUCT = YES;
			};
			name = Release;
		};
		1CFEC3EE25B8685B00204C8E /* Debug */ = {
			isa = XCBuildConfiguration;
			buildSettings = {
				ASSETCATALOG_COMPILER_APPICON_NAME = AppIcon;
				CODE_SIGN_STYLE = Automatic;
				DEVELOPMENT_TEAM = A7V2TPBL24;
				INFOPLIST_FILE = TinyPix/Info.plist;
				LD_RUNPATH_SEARCH_PATHS = (
					"$(inherited)",
					"@executable_path/Frameworks",
				);
				PRODUCT_BUNDLE_IDENTIFIER = by.sakratar.TinyPix;
				PRODUCT_NAME = "$(TARGET_NAME)";
				SWIFT_VERSION = 5.0;
				TARGETED_DEVICE_FAMILY = 1;
			};
			name = Debug;
		};
		1CFEC3EF25B8685B00204C8E /* Release */ = {
			isa = XCBuildConfiguration;
			buildSettings = {
				ASSETCATALOG_COMPILER_APPICON_NAME = AppIcon;
				CODE_SIGN_STYLE = Automatic;
				DEVELOPMENT_TEAM = A7V2TPBL24;
				INFOPLIST_FILE = TinyPix/Info.plist;
				LD_RUNPATH_SEARCH_PATHS = (
					"$(inherited)",
					"@executable_path/Frameworks",
				);
				PRODUCT_BUNDLE_IDENTIFIER = by.sakratar.TinyPix;
				PRODUCT_NAME = "$(TARGET_NAME)";
				SWIFT_VERSION = 5.0;
				TARGETED_DEVICE_FAMILY = 1;
			};
			name = Release;
		};
/* End XCBuildConfiguration section */

/* Begin XCConfigurationList section */
		1CFEC3CF25B8685900204C8E /* Build configuration list for PBXProject "TinyPix" */ = {
			isa = XCConfigurationList;
			buildConfigurations = (
				1CFEC3EB25B8685B00204C8E /* Debug */,
				1CFEC3EC25B8685B00204C8E /* Release */,
			);
			defaultConfigurationIsVisible = 0;
			defaultConfigurationName = Release;
		};
		1CFEC3ED25B8685B00204C8E /* Build configuration list for PBXNativeTarget "TinyPix" */ = {
			isa = XCConfigurationList;
			buildConfigurations = (
				1CFEC3EE25B8685B00204C8E /* Debug */,
				1CFEC3EF25B8685B00204C8E /* Release */,
			);
			defaultConfigurationIsVisible = 0;
			defaultConfigurationName = Release;
		};
/* End XCConfigurationList section */

/* Begin XCVersionGroup section */
		1CFEC3D925B8685900204C8E /* TinyPix.xcdatamodeld */ = {
			isa = XCVersionGroup;
			children = (
				1CFEC3DA25B8685900204C8E /* TinyPix.xcdatamodel */,
			);
			currentVersion = 1CFEC3DA25B8685900204C8E /* TinyPix.xcdatamodel */;
			path = TinyPix.xcdatamodeld;
			sourceTree = "<group>";
			versionGroupType = wrapper.xcdatamodel;
		};
/* End XCVersionGroup section */
	};
	rootObject = 1CFEC3CC25B8685900204C8E /* Project object */;
}
